// !$*UTF8*$!
{
	archiveVersion = 1;
	classes = {
	};
	objectVersion = 50;
	objects = {

/* Begin PBXBuildFile section */
		0DCDFB6B9A3B6F7A728A61E5 /* Pods_iosApp.framework in Frameworks */ = {isa = PBXBuildFile; fileRef = 45FB79BACF34FE4CDDA7D801 /* Pods_iosApp.framework */; };
		751F6C0F24C4FA66002D3F07 /* Data.swift in Sources */ = {isa = PBXBuildFile; fileRef = 751F6C0E24C4FA66002D3F07 /* Data.swift */; };
		751F6C1124C4FD79002D3F07 /* MasterView.swift in Sources */ = {isa = PBXBuildFile; fileRef = 751F6C1024C4FD79002D3F07 /* MasterView.swift */; };
		753045DC24BE4ED700105886 /* NoteRow.swift in Sources */ = {isa = PBXBuildFile; fileRef = 753045DB24BE4ED700105886 /* NoteRow.swift */; };
		753045DE24BE53A800105886 /* DetailView.swift in Sources */ = {isa = PBXBuildFile; fileRef = 753045DD24BE53A800105886 /* DetailView.swift */; };
		7542003C25E72BF200678656 /* Pods_iosApp.framework in Embed Frameworks */ = {isa = PBXBuildFile; fileRef = 952FAD1252588A602DE76E7F /* Pods_iosApp.framework */; settings = {ATTRIBUTES = (CodeSignOnCopy, RemoveHeadersOnCopy, ); }; };
		7555FF83242A565900829871 /* ContentView.swift in Sources */ = {isa = PBXBuildFile; fileRef = 7555FF82242A565900829871 /* ContentView.swift */; };
		7555FF85242A565B00829871 /* Assets.xcassets in Resources */ = {isa = PBXBuildFile; fileRef = 7555FF84242A565B00829871 /* Assets.xcassets */; };
		7555FF88242A565B00829871 /* Preview Assets.xcassets in Resources */ = {isa = PBXBuildFile; fileRef = 7555FF87242A565B00829871 /* Preview Assets.xcassets */; };
		7555FF8B242A565B00829871 /* LaunchScreen.storyboard in Resources */ = {isa = PBXBuildFile; fileRef = 7555FF89242A565B00829871 /* LaunchScreen.storyboard */; };
		7555FF96242A565B00829871 /* iosAppTests.swift in Sources */ = {isa = PBXBuildFile; fileRef = 7555FF95242A565B00829871 /* iosAppTests.swift */; };
		7555FFA1242A565B00829871 /* iosAppUITests.swift in Sources */ = {isa = PBXBuildFile; fileRef = 7555FFA0242A565B00829871 /* iosAppUITests.swift */; };
		7560FCD2257C70BE000CB380 /* NoteDelightApp.swift in Sources */ = {isa = PBXBuildFile; fileRef = 7560FCD1257C70BE000CB380 /* NoteDelightApp.swift */; };
		7560FDDB257D094D000CB380 /* SplashView.swift in Sources */ = {isa = PBXBuildFile; fileRef = 7560FDDA257D094D000CB380 /* SplashView.swift */; };
		7560FDE0257D108D000CB380 /* SplashViewModel.swift in Sources */ = {isa = PBXBuildFile; fileRef = 7560FDDF257D108D000CB380 /* SplashViewModel.swift */; };
		7597CB17254F1223002A90FE /* SignInView.swift in Sources */ = {isa = PBXBuildFile; fileRef = 7597CB16254F1223002A90FE /* SignInView.swift */; };
		759AF7482505548C0020EF40 /* LoadingView.swift in Sources */ = {isa = PBXBuildFile; fileRef = 759AF7472505548C0020EF40 /* LoadingView.swift */; };
		759AF74A25057DB70020EF40 /* ContentViewModel.swift in Sources */ = {isa = PBXBuildFile; fileRef = 759AF74925057DB70020EF40 /* ContentViewModel.swift */; };
		759AF74C250580380020EF40 /* ErrorView.swift in Sources */ = {isa = PBXBuildFile; fileRef = 759AF74B250580380020EF40 /* ErrorView.swift */; };
		759AF74E2505E2E60020EF40 /* DetailViewModel.swift in Sources */ = {isa = PBXBuildFile; fileRef = 759AF74D2505E2E60020EF40 /* DetailViewModel.swift */; };
		75A416B124FC04930081B551 /* TextView.swift in Sources */ = {isa = PBXBuildFile; fileRef = 75A416B024FC04930081B551 /* TextView.swift */; };
/* End PBXBuildFile section */

/* Begin PBXContainerItemProxy section */
		7555FF92242A565B00829871 /* PBXContainerItemProxy */ = {
			isa = PBXContainerItemProxy;
			containerPortal = 7555FF73242A565900829871 /* Project object */;
			proxyType = 1;
			remoteGlobalIDString = 7555FF7A242A565900829871;
			remoteInfo = iosApp;
		};
		7555FF9D242A565B00829871 /* PBXContainerItemProxy */ = {
			isa = PBXContainerItemProxy;
			containerPortal = 7555FF73242A565900829871 /* Project object */;
			proxyType = 1;
			remoteGlobalIDString = 7555FF7A242A565900829871;
			remoteInfo = iosApp;
		};
/* End PBXContainerItemProxy section */

/* Begin PBXCopyFilesBuildPhase section */
		7542003D25E72BF200678656 /* Embed Frameworks */ = {
			isa = PBXCopyFilesBuildPhase;
			buildActionMask = 2147483647;
			dstPath = "";
			dstSubfolderSpec = 10;
			files = (
				7542003C25E72BF200678656 /* Pods_iosApp.framework in Embed Frameworks */,
			);
			name = "Embed Frameworks";
			runOnlyForDeploymentPostprocessing = 0;
		};
/* End PBXCopyFilesBuildPhase section */

/* Begin PBXFileReference section */
		45FB79BACF34FE4CDDA7D801 /* Pods_iosApp.framework */ = {isa = PBXFileReference; explicitFileType = wrapper.framework; includeInIndex = 0; path = Pods_iosApp.framework; sourceTree = BUILT_PRODUCTS_DIR; };
		54BD2606F8514D9B9C31D14C /* Pods-iosApp.release.xcconfig */ = {isa = PBXFileReference; includeInIndex = 1; lastKnownFileType = text.xcconfig; name = "Pods-iosApp.release.xcconfig"; path = "Target Support Files/Pods-iosApp/Pods-iosApp.release.xcconfig"; sourceTree = "<group>"; };
		6A379FA6D83D2E77CD0633E2 /* Pods-iosApp.debug.xcconfig */ = {isa = PBXFileReference; includeInIndex = 1; lastKnownFileType = text.xcconfig; name = "Pods-iosApp.debug.xcconfig"; path = "Target Support Files/Pods-iosApp/Pods-iosApp.debug.xcconfig"; sourceTree = "<group>"; };
		751F6C0E24C4FA66002D3F07 /* Data.swift */ = {isa = PBXFileReference; lastKnownFileType = sourcecode.swift; path = Data.swift; sourceTree = "<group>"; };
		751F6C1024C4FD79002D3F07 /* MasterView.swift */ = {isa = PBXFileReference; lastKnownFileType = sourcecode.swift; path = MasterView.swift; sourceTree = "<group>"; };
		753045DB24BE4ED700105886 /* NoteRow.swift */ = {isa = PBXFileReference; lastKnownFileType = sourcecode.swift; path = NoteRow.swift; sourceTree = "<group>"; };
		753045DD24BE53A800105886 /* DetailView.swift */ = {isa = PBXFileReference; lastKnownFileType = sourcecode.swift; path = DetailView.swift; sourceTree = "<group>"; };
		7555FF7B242A565900829871 /* Note Delight.app */ = {isa = PBXFileReference; explicitFileType = wrapper.application; includeInIndex = 0; path = "Note Delight.app"; sourceTree = BUILT_PRODUCTS_DIR; };
		7555FF82242A565900829871 /* ContentView.swift */ = {isa = PBXFileReference; lastKnownFileType = sourcecode.swift; path = ContentView.swift; sourceTree = "<group>"; };
		7555FF84242A565B00829871 /* Assets.xcassets */ = {isa = PBXFileReference; lastKnownFileType = folder.assetcatalog; path = Assets.xcassets; sourceTree = "<group>"; };
		7555FF87242A565B00829871 /* Preview Assets.xcassets */ = {isa = PBXFileReference; lastKnownFileType = folder.assetcatalog; path = "Preview Assets.xcassets"; sourceTree = "<group>"; };
		7555FF8A242A565B00829871 /* Base */ = {isa = PBXFileReference; lastKnownFileType = file.storyboard; name = Base; path = Base.lproj/LaunchScreen.storyboard; sourceTree = "<group>"; };
		7555FF8C242A565B00829871 /* Info.plist */ = {isa = PBXFileReference; lastKnownFileType = text.plist.xml; path = Info.plist; sourceTree = "<group>"; };
		7555FF91242A565B00829871 /* iosAppTests.xctest */ = {isa = PBXFileReference; explicitFileType = wrapper.cfbundle; includeInIndex = 0; path = iosAppTests.xctest; sourceTree = BUILT_PRODUCTS_DIR; };
		7555FF95242A565B00829871 /* iosAppTests.swift */ = {isa = PBXFileReference; lastKnownFileType = sourcecode.swift; path = iosAppTests.swift; sourceTree = "<group>"; };
		7555FF97242A565B00829871 /* Info.plist */ = {isa = PBXFileReference; lastKnownFileType = text.plist.xml; path = Info.plist; sourceTree = "<group>"; };
		7555FF9C242A565B00829871 /* iosAppUITests.xctest */ = {isa = PBXFileReference; explicitFileType = wrapper.cfbundle; includeInIndex = 0; path = iosAppUITests.xctest; sourceTree = BUILT_PRODUCTS_DIR; };
		7555FFA0242A565B00829871 /* iosAppUITests.swift */ = {isa = PBXFileReference; lastKnownFileType = sourcecode.swift; path = iosAppUITests.swift; sourceTree = "<group>"; };
		7555FFA2242A565B00829871 /* Info.plist */ = {isa = PBXFileReference; lastKnownFileType = text.plist.xml; path = Info.plist; sourceTree = "<group>"; };
		7555FFB1242A642300829871 /* shared.framework */ = {isa = PBXFileReference; lastKnownFileType = wrapper.framework; name = shared.framework; path = "../shared/build/xcode-frameworks/shared.framework"; sourceTree = "<group>"; };
		7560FCD1257C70BE000CB380 /* NoteDelightApp.swift */ = {isa = PBXFileReference; lastKnownFileType = sourcecode.swift; path = NoteDelightApp.swift; sourceTree = "<group>"; };
		7560FDDA257D094D000CB380 /* SplashView.swift */ = {isa = PBXFileReference; lastKnownFileType = sourcecode.swift; path = SplashView.swift; sourceTree = "<group>"; };
		7560FDDF257D108D000CB380 /* SplashViewModel.swift */ = {isa = PBXFileReference; lastKnownFileType = sourcecode.swift; path = SplashViewModel.swift; sourceTree = "<group>"; };
		7597CB16254F1223002A90FE /* SignInView.swift */ = {isa = PBXFileReference; lastKnownFileType = sourcecode.swift; path = SignInView.swift; sourceTree = "<group>"; };
		759AF7472505548C0020EF40 /* LoadingView.swift */ = {isa = PBXFileReference; lastKnownFileType = sourcecode.swift; path = LoadingView.swift; sourceTree = "<group>"; };
		759AF74925057DB70020EF40 /* ContentViewModel.swift */ = {isa = PBXFileReference; lastKnownFileType = sourcecode.swift; path = ContentViewModel.swift; sourceTree = "<group>"; };
		759AF74B250580380020EF40 /* ErrorView.swift */ = {isa = PBXFileReference; lastKnownFileType = sourcecode.swift; path = ErrorView.swift; sourceTree = "<group>"; };
		759AF74D2505E2E60020EF40 /* DetailViewModel.swift */ = {isa = PBXFileReference; lastKnownFileType = sourcecode.swift; path = DetailViewModel.swift; sourceTree = "<group>"; };
		75A416B024FC04930081B551 /* TextView.swift */ = {isa = PBXFileReference; fileEncoding = 4; lastKnownFileType = sourcecode.swift; path = TextView.swift; sourceTree = "<group>"; };
		952FAD1252588A602DE76E7F /* Pods_iosApp.framework */ = {isa = PBXFileReference; explicitFileType = wrapper.framework; includeInIndex = 0; path = Pods_iosApp.framework; sourceTree = BUILT_PRODUCTS_DIR; };
/* End PBXFileReference section */

/* Begin PBXFrameworksBuildPhase section */
		7555FF78242A565900829871 /* Frameworks */ = {
			isa = PBXFrameworksBuildPhase;
			buildActionMask = 2147483647;
			files = (
				0DCDFB6B9A3B6F7A728A61E5 /* Pods_iosApp.framework in Frameworks */,
			);
			runOnlyForDeploymentPostprocessing = 0;
		};
		7555FF8E242A565B00829871 /* Frameworks */ = {
			isa = PBXFrameworksBuildPhase;
			buildActionMask = 2147483647;
			files = (
			);
			runOnlyForDeploymentPostprocessing = 0;
		};
		7555FF99242A565B00829871 /* Frameworks */ = {
			isa = PBXFrameworksBuildPhase;
			buildActionMask = 2147483647;
			files = (
			);
			runOnlyForDeploymentPostprocessing = 0;
		};
/* End PBXFrameworksBuildPhase section */

/* Begin PBXGroup section */
		00B089D8AA7C3EAF3412845A /* Pods */ = {
			isa = PBXGroup;
			children = (
				6A379FA6D83D2E77CD0633E2 /* Pods-iosApp.debug.xcconfig */,
				54BD2606F8514D9B9C31D14C /* Pods-iosApp.release.xcconfig */,
			);
			path = Pods;
			sourceTree = "<group>";
		};
		751F6C0D24C4FA3B002D3F07 /* Model */ = {
			isa = PBXGroup;
			children = (
				751F6C0E24C4FA66002D3F07 /* Data.swift */,
			);
			path = Model;
			sourceTree = "<group>";
		};
		7555FF72242A565900829871 = {
			isa = PBXGroup;
			children = (
				7555FF7D242A565900829871 /* iosApp */,
				7555FF94242A565B00829871 /* iosAppTests */,
				7555FF9F242A565B00829871 /* iosAppUITests */,
				7555FF7C242A565900829871 /* Products */,
				7555FFB0242A642200829871 /* Frameworks */,
				00B089D8AA7C3EAF3412845A /* Pods */,
			);
			sourceTree = "<group>";
		};
		7555FF7C242A565900829871 /* Products */ = {
			isa = PBXGroup;
			children = (
				7555FF7B242A565900829871 /* Note Delight.app */,
				7555FF91242A565B00829871 /* iosAppTests.xctest */,
				7555FF9C242A565B00829871 /* iosAppUITests.xctest */,
			);
			name = Products;
			sourceTree = "<group>";
		};
		7555FF7D242A565900829871 /* iosApp */ = {
			isa = PBXGroup;
			children = (
				751F6C0D24C4FA3B002D3F07 /* Model */,
				7560FCD1257C70BE000CB380 /* NoteDelightApp.swift */,
				7597CB1A254F9D90002A90FE /* Splash */,
				7597CB1B254F9DBA002A90FE /* SignIn */,
				7597CB1C254F9DEF002A90FE /* Master */,
				7597CB1D254F9E3E002A90FE /* Detail */,
				7597CB1E254F9E73002A90FE /* Settings */,
				7555FF84242A565B00829871 /* Assets.xcassets */,
				7555FF89242A565B00829871 /* LaunchScreen.storyboard */,
				7555FF8C242A565B00829871 /* Info.plist */,
				7555FF86242A565B00829871 /* Preview Content */,
			);
			path = iosApp;
			sourceTree = "<group>";
		};
		7555FF86242A565B00829871 /* Preview Content */ = {
			isa = PBXGroup;
			children = (
				7555FF87242A565B00829871 /* Preview Assets.xcassets */,
			);
			path = "Preview Content";
			sourceTree = "<group>";
		};
		7555FF94242A565B00829871 /* iosAppTests */ = {
			isa = PBXGroup;
			children = (
				7555FF95242A565B00829871 /* iosAppTests.swift */,
				7555FF97242A565B00829871 /* Info.plist */,
			);
			path = iosAppTests;
			sourceTree = "<group>";
		};
		7555FF9F242A565B00829871 /* iosAppUITests */ = {
			isa = PBXGroup;
			children = (
				7555FFA0242A565B00829871 /* iosAppUITests.swift */,
				7555FFA2242A565B00829871 /* Info.plist */,
			);
			path = iosAppUITests;
			sourceTree = "<group>";
		};
		7555FFB0242A642200829871 /* Frameworks */ = {
			isa = PBXGroup;
			children = (
				7555FFB1242A642300829871 /* shared.framework */,
				45FB79BACF34FE4CDDA7D801 /* Pods_iosApp.framework */,
			);
			name = Frameworks;
			sourceTree = "<group>";
		};
		7597CB1A254F9D90002A90FE /* Splash */ = {
			isa = PBXGroup;
			children = (
				7560FDDA257D094D000CB380 /* SplashView.swift */,
				7560FDDF257D108D000CB380 /* SplashViewModel.swift */,
			);
			path = Splash;
			sourceTree = "<group>";
		};
		7597CB1B254F9DBA002A90FE /* SignIn */ = {
			isa = PBXGroup;
			children = (
				7597CB16254F1223002A90FE /* SignInView.swift */,
			);
			path = SignIn;
			sourceTree = "<group>";
		};
		7597CB1C254F9DEF002A90FE /* Master */ = {
			isa = PBXGroup;
			children = (
				7555FF82242A565900829871 /* ContentView.swift */,
				759AF74925057DB70020EF40 /* ContentViewModel.swift */,
				759AF7472505548C0020EF40 /* LoadingView.swift */,
				759AF74B250580380020EF40 /* ErrorView.swift */,
				751F6C1024C4FD79002D3F07 /* MasterView.swift */,
				753045DB24BE4ED700105886 /* NoteRow.swift */,
			);
			path = Master;
			sourceTree = "<group>";
		};
		7597CB1D254F9E3E002A90FE /* Detail */ = {
			isa = PBXGroup;
			children = (
				753045DD24BE53A800105886 /* DetailView.swift */,
				759AF74D2505E2E60020EF40 /* DetailViewModel.swift */,
				75A416B024FC04930081B551 /* TextView.swift */,
			);
			path = Detail;
			sourceTree = "<group>";
		};
		7597CB1E254F9E73002A90FE /* Settings */ = {
			isa = PBXGroup;
			children = (
			);
			path = Settings;
			sourceTree = "<group>";
		};
/* End PBXGroup section */

/* Begin PBXNativeTarget section */
		7555FF7A242A565900829871 /* iosApp */ = {
			isa = PBXNativeTarget;
			buildConfigurationList = 7555FFA5242A565B00829871 /* Build configuration list for PBXNativeTarget "iosApp" */;
			buildPhases = (
				E75A2EC4C71D5E2B845EAEC4 /* [CP] Check Pods Manifest.lock */,
				7555FF77242A565900829871 /* Sources */,
				7555FF78242A565900829871 /* Frameworks */,
				7555FF79242A565900829871 /* Resources */,
				7542003D25E72BF200678656 /* Embed Frameworks */,
			);
			buildRules = (
			);
			dependencies = (
			);
			name = iosApp;
			productName = iosApp;
			productReference = 7555FF7B242A565900829871 /* Note Delight.app */;
			productType = "com.apple.product-type.application";
		};
		7555FF90242A565B00829871 /* iosAppTests */ = {
			isa = PBXNativeTarget;
			buildConfigurationList = 7555FFA8242A565B00829871 /* Build configuration list for PBXNativeTarget "iosAppTests" */;
			buildPhases = (
				7555FF8D242A565B00829871 /* Sources */,
				7555FF8E242A565B00829871 /* Frameworks */,
				7555FF8F242A565B00829871 /* Resources */,
			);
			buildRules = (
			);
			dependencies = (
				7555FF93242A565B00829871 /* PBXTargetDependency */,
			);
			name = iosAppTests;
			productName = iosAppTests;
			productReference = 7555FF91242A565B00829871 /* iosAppTests.xctest */;
			productType = "com.apple.product-type.bundle.unit-test";
		};
		7555FF9B242A565B00829871 /* iosAppUITests */ = {
			isa = PBXNativeTarget;
			buildConfigurationList = 7555FFAB242A565B00829871 /* Build configuration list for PBXNativeTarget "iosAppUITests" */;
			buildPhases = (
				7555FF98242A565B00829871 /* Sources */,
				7555FF99242A565B00829871 /* Frameworks */,
				7555FF9A242A565B00829871 /* Resources */,
			);
			buildRules = (
			);
			dependencies = (
				7555FF9E242A565B00829871 /* PBXTargetDependency */,
			);
			name = iosAppUITests;
			productName = iosAppUITests;
			productReference = 7555FF9C242A565B00829871 /* iosAppUITests.xctest */;
			productType = "com.apple.product-type.bundle.ui-testing";
		};
/* End PBXNativeTarget section */

/* Begin PBXProject section */
		7555FF73242A565900829871 /* Project object */ = {
			isa = PBXProject;
			attributes = {
				LastSwiftUpdateCheck = 1130;
				LastUpgradeCheck = 1200;
				ORGANIZATIONNAME = orgName;
				TargetAttributes = {
					7555FF7A242A565900829871 = {
						CreatedOnToolsVersion = 11.3.1;
					};
					7555FF90242A565B00829871 = {
						CreatedOnToolsVersion = 11.3.1;
						TestTargetID = 7555FF7A242A565900829871;
					};
					7555FF9B242A565B00829871 = {
						CreatedOnToolsVersion = 11.3.1;
						TestTargetID = 7555FF7A242A565900829871;
					};
				};
			};
			buildConfigurationList = 7555FF76242A565900829871 /* Build configuration list for PBXProject "iosApp" */;
			compatibilityVersion = "Xcode 9.3";
			developmentRegion = en;
			hasScannedForEncodings = 0;
			knownRegions = (
				en,
				Base,
			);
			mainGroup = 7555FF72242A565900829871;
			productRefGroup = 7555FF7C242A565900829871 /* Products */;
			projectDirPath = "";
			projectRoot = "";
			targets = (
				7555FF7A242A565900829871 /* iosApp */,
				7555FF90242A565B00829871 /* iosAppTests */,
				7555FF9B242A565B00829871 /* iosAppUITests */,
			);
		};
/* End PBXProject section */

/* Begin PBXResourcesBuildPhase section */
		7555FF79242A565900829871 /* Resources */ = {
			isa = PBXResourcesBuildPhase;
			buildActionMask = 2147483647;
			files = (
				7555FF8B242A565B00829871 /* LaunchScreen.storyboard in Resources */,
				7555FF88242A565B00829871 /* Preview Assets.xcassets in Resources */,
				7555FF85242A565B00829871 /* Assets.xcassets in Resources */,
			);
			runOnlyForDeploymentPostprocessing = 0;
		};
		7555FF8F242A565B00829871 /* Resources */ = {
			isa = PBXResourcesBuildPhase;
			buildActionMask = 2147483647;
			files = (
			);
			runOnlyForDeploymentPostprocessing = 0;
		};
		7555FF9A242A565B00829871 /* Resources */ = {
			isa = PBXResourcesBuildPhase;
			buildActionMask = 2147483647;
			files = (
			);
			runOnlyForDeploymentPostprocessing = 0;
		};
/* End PBXResourcesBuildPhase section */

/* Begin PBXShellScriptBuildPhase section */
		E75A2EC4C71D5E2B845EAEC4 /* [CP] Check Pods Manifest.lock */ = {
			isa = PBXShellScriptBuildPhase;
			buildActionMask = 2147483647;
			files = (
			);
			inputFileListPaths = (
			);
			inputPaths = (
				"${PODS_PODFILE_DIR_PATH}/Podfile.lock",
				"${PODS_ROOT}/Manifest.lock",
			);
			name = "[CP] Check Pods Manifest.lock";
			outputFileListPaths = (
			);
			outputPaths = (
				"$(DERIVED_FILE_DIR)/Pods-iosApp-checkManifestLockResult.txt",
			);
			runOnlyForDeploymentPostprocessing = 0;
			shellPath = /bin/sh;
			shellScript = "diff \"${PODS_PODFILE_DIR_PATH}/Podfile.lock\" \"${PODS_ROOT}/Manifest.lock\" > /dev/null\nif [ $? != 0 ] ; then\n    # print error to STDERR\n    echo \"error: The sandbox is not in sync with the Podfile.lock. Run 'pod install' or update your CocoaPods installation.\" >&2\n    exit 1\nfi\n# This output is used by Xcode 'outputs' to avoid re-running this script phase.\necho \"SUCCESS\" > \"${SCRIPT_OUTPUT_FILE_0}\"\n";
			showEnvVarsInLog = 0;
		};
/* End PBXShellScriptBuildPhase section */

/* Begin PBXSourcesBuildPhase section */
		7555FF77242A565900829871 /* Sources */ = {
			isa = PBXSourcesBuildPhase;
			buildActionMask = 2147483647;
			files = (
				75A416B124FC04930081B551 /* TextView.swift in Sources */,
				751F6C0F24C4FA66002D3F07 /* Data.swift in Sources */,
				7560FCD2257C70BE000CB380 /* NoteDelightApp.swift in Sources */,
				7560FDE0257D108D000CB380 /* SplashViewModel.swift in Sources */,
				759AF74A25057DB70020EF40 /* ContentViewModel.swift in Sources */,
				753045DC24BE4ED700105886 /* NoteRow.swift in Sources */,
				751F6C1124C4FD79002D3F07 /* MasterView.swift in Sources */,
				759AF74E2505E2E60020EF40 /* DetailViewModel.swift in Sources */,
				759AF7482505548C0020EF40 /* LoadingView.swift in Sources */,
				7560FDDB257D094D000CB380 /* SplashView.swift in Sources */,
				7555FF83242A565900829871 /* ContentView.swift in Sources */,
				753045DE24BE53A800105886 /* DetailView.swift in Sources */,
				759AF74C250580380020EF40 /* ErrorView.swift in Sources */,
				7597CB17254F1223002A90FE /* SignInView.swift in Sources */,
			);
			runOnlyForDeploymentPostprocessing = 0;
		};
		7555FF8D242A565B00829871 /* Sources */ = {
			isa = PBXSourcesBuildPhase;
			buildActionMask = 2147483647;
			files = (
				7555FF96242A565B00829871 /* iosAppTests.swift in Sources */,
			);
			runOnlyForDeploymentPostprocessing = 0;
		};
		7555FF98242A565B00829871 /* Sources */ = {
			isa = PBXSourcesBuildPhase;
			buildActionMask = 2147483647;
			files = (
				7555FFA1242A565B00829871 /* iosAppUITests.swift in Sources */,
			);
			runOnlyForDeploymentPostprocessing = 0;
		};
/* End PBXSourcesBuildPhase section */

/* Begin PBXTargetDependency section */
		7555FF93242A565B00829871 /* PBXTargetDependency */ = {
			isa = PBXTargetDependency;
			target = 7555FF7A242A565900829871 /* iosApp */;
			targetProxy = 7555FF92242A565B00829871 /* PBXContainerItemProxy */;
		};
		7555FF9E242A565B00829871 /* PBXTargetDependency */ = {
			isa = PBXTargetDependency;
			target = 7555FF7A242A565900829871 /* iosApp */;
			targetProxy = 7555FF9D242A565B00829871 /* PBXContainerItemProxy */;
		};
/* End PBXTargetDependency section */

/* Begin PBXVariantGroup section */
		7555FF89242A565B00829871 /* LaunchScreen.storyboard */ = {
			isa = PBXVariantGroup;
			children = (
				7555FF8A242A565B00829871 /* Base */,
			);
			name = LaunchScreen.storyboard;
			sourceTree = "<group>";
		};
/* End PBXVariantGroup section */

/* Begin XCBuildConfiguration section */
		7555FFA3242A565B00829871 /* Debug */ = {
			isa = XCBuildConfiguration;
			buildSettings = {
				ALWAYS_SEARCH_USER_PATHS = NO;
				CLANG_ANALYZER_NONNULL = YES;
				CLANG_ANALYZER_NUMBER_OBJECT_CONVERSION = YES_AGGRESSIVE;
				CLANG_CXX_LANGUAGE_STANDARD = "gnu++14";
				CLANG_CXX_LIBRARY = "libc++";
				CLANG_ENABLE_MODULES = YES;
				CLANG_ENABLE_OBJC_ARC = YES;
				CLANG_ENABLE_OBJC_WEAK = YES;
				CLANG_WARN_BLOCK_CAPTURE_AUTORELEASING = YES;
				CLANG_WARN_BOOL_CONVERSION = YES;
				CLANG_WARN_COMMA = YES;
				CLANG_WARN_CONSTANT_CONVERSION = YES;
				CLANG_WARN_DEPRECATED_OBJC_IMPLEMENTATIONS = YES;
				CLANG_WARN_DIRECT_OBJC_ISA_USAGE = YES_ERROR;
				CLANG_WARN_DOCUMENTATION_COMMENTS = YES;
				CLANG_WARN_EMPTY_BODY = YES;
				CLANG_WARN_ENUM_CONVERSION = YES;
				CLANG_WARN_INFINITE_RECURSION = YES;
				CLANG_WARN_INT_CONVERSION = YES;
				CLANG_WARN_NON_LITERAL_NULL_CONVERSION = YES;
				CLANG_WARN_OBJC_IMPLICIT_RETAIN_SELF = YES;
				CLANG_WARN_OBJC_LITERAL_CONVERSION = YES;
				CLANG_WARN_OBJC_ROOT_CLASS = YES_ERROR;
				CLANG_WARN_QUOTED_INCLUDE_IN_FRAMEWORK_HEADER = YES;
				CLANG_WARN_RANGE_LOOP_ANALYSIS = YES;
				CLANG_WARN_STRICT_PROTOTYPES = YES;
				CLANG_WARN_SUSPICIOUS_MOVE = YES;
				CLANG_WARN_UNGUARDED_AVAILABILITY = YES_AGGRESSIVE;
				CLANG_WARN_UNREACHABLE_CODE = YES;
				CLANG_WARN__DUPLICATE_METHOD_MATCH = YES;
				COPY_PHASE_STRIP = NO;
				DEBUG_INFORMATION_FORMAT = dwarf;
				ENABLE_STRICT_OBJC_MSGSEND = YES;
				ENABLE_TESTABILITY = YES;
				GCC_C_LANGUAGE_STANDARD = gnu11;
				GCC_DYNAMIC_NO_PIC = NO;
				GCC_NO_COMMON_BLOCKS = YES;
				GCC_OPTIMIZATION_LEVEL = 0;
				GCC_PREPROCESSOR_DEFINITIONS = (
					"DEBUG=1",
					"$(inherited)",
				);
				GCC_WARN_64_TO_32_BIT_CONVERSION = YES;
				GCC_WARN_ABOUT_RETURN_TYPE = YES_ERROR;
				GCC_WARN_UNDECLARED_SELECTOR = YES;
				GCC_WARN_UNINITIALIZED_AUTOS = YES_AGGRESSIVE;
				GCC_WARN_UNUSED_FUNCTION = YES;
				GCC_WARN_UNUSED_VARIABLE = YES;
				IPHONEOS_DEPLOYMENT_TARGET = 14.0;
				MTL_ENABLE_DEBUG_INFO = INCLUDE_SOURCE;
				MTL_FAST_MATH = YES;
				ONLY_ACTIVE_ARCH = YES;
				SDKROOT = iphoneos;
				SWIFT_ACTIVE_COMPILATION_CONDITIONS = DEBUG;
				SWIFT_OPTIMIZATION_LEVEL = "-Onone";
			};
			name = Debug;
		};
		7555FFA4242A565B00829871 /* Release */ = {
			isa = XCBuildConfiguration;
			buildSettings = {
				ALWAYS_SEARCH_USER_PATHS = NO;
				CLANG_ANALYZER_NONNULL = YES;
				CLANG_ANALYZER_NUMBER_OBJECT_CONVERSION = YES_AGGRESSIVE;
				CLANG_CXX_LANGUAGE_STANDARD = "gnu++14";
				CLANG_CXX_LIBRARY = "libc++";
				CLANG_ENABLE_MODULES = YES;
				CLANG_ENABLE_OBJC_ARC = YES;
				CLANG_ENABLE_OBJC_WEAK = YES;
				CLANG_WARN_BLOCK_CAPTURE_AUTORELEASING = YES;
				CLANG_WARN_BOOL_CONVERSION = YES;
				CLANG_WARN_COMMA = YES;
				CLANG_WARN_CONSTANT_CONVERSION = YES;
				CLANG_WARN_DEPRECATED_OBJC_IMPLEMENTATIONS = YES;
				CLANG_WARN_DIRECT_OBJC_ISA_USAGE = YES_ERROR;
				CLANG_WARN_DOCUMENTATION_COMMENTS = YES;
				CLANG_WARN_EMPTY_BODY = YES;
				CLANG_WARN_ENUM_CONVERSION = YES;
				CLANG_WARN_INFINITE_RECURSION = YES;
				CLANG_WARN_INT_CONVERSION = YES;
				CLANG_WARN_NON_LITERAL_NULL_CONVERSION = YES;
				CLANG_WARN_OBJC_IMPLICIT_RETAIN_SELF = YES;
				CLANG_WARN_OBJC_LITERAL_CONVERSION = YES;
				CLANG_WARN_OBJC_ROOT_CLASS = YES_ERROR;
				CLANG_WARN_QUOTED_INCLUDE_IN_FRAMEWORK_HEADER = YES;
				CLANG_WARN_RANGE_LOOP_ANALYSIS = YES;
				CLANG_WARN_STRICT_PROTOTYPES = YES;
				CLANG_WARN_SUSPICIOUS_MOVE = YES;
				CLANG_WARN_UNGUARDED_AVAILABILITY = YES_AGGRESSIVE;
				CLANG_WARN_UNREACHABLE_CODE = YES;
				CLANG_WARN__DUPLICATE_METHOD_MATCH = YES;
				COPY_PHASE_STRIP = NO;
				DEBUG_INFORMATION_FORMAT = "dwarf-with-dsym";
				ENABLE_NS_ASSERTIONS = NO;
				ENABLE_STRICT_OBJC_MSGSEND = YES;
				GCC_C_LANGUAGE_STANDARD = gnu11;
				GCC_NO_COMMON_BLOCKS = YES;
				GCC_WARN_64_TO_32_BIT_CONVERSION = YES;
				GCC_WARN_ABOUT_RETURN_TYPE = YES_ERROR;
				GCC_WARN_UNDECLARED_SELECTOR = YES;
				GCC_WARN_UNINITIALIZED_AUTOS = YES_AGGRESSIVE;
				GCC_WARN_UNUSED_FUNCTION = YES;
				GCC_WARN_UNUSED_VARIABLE = YES;
				IPHONEOS_DEPLOYMENT_TARGET = 14.0;
				MTL_ENABLE_DEBUG_INFO = NO;
				MTL_FAST_MATH = YES;
				SDKROOT = iphoneos;
				SWIFT_COMPILATION_MODE = wholemodule;
				SWIFT_OPTIMIZATION_LEVEL = "-O";
				VALIDATE_PRODUCT = YES;
			};
			name = Release;
		};
		7555FFA6242A565B00829871 /* Debug */ = {
			isa = XCBuildConfiguration;
			baseConfigurationReference = 6A379FA6D83D2E77CD0633E2 /* Pods-iosApp.debug.xcconfig */;
			buildSettings = {
				ASSETCATALOG_COMPILER_APPICON_NAME = AppIcon;
				CODE_SIGN_STYLE = Automatic;
				DEVELOPMENT_ASSET_PATHS = "\"iosApp/Preview Content\"";
				DEVELOPMENT_TEAM = H7L7R3VNZ4;
				ENABLE_PREVIEWS = YES;
				FRAMEWORK_SEARCH_PATHS = (
					"$(inherited)",
					"\"${PODS_ROOT}/../../shared/build/cocoapods/framework\"",
				);
				INFOPLIST_FILE = iosApp/Info.plist;
				LD_RUNPATH_SEARCH_PATHS = (
					"$(inherited)",
					"@executable_path/Frameworks",
				);
				OTHER_LDFLAGS = (
					"$(inherited)",
					"-ObjC",
					"-l\"c++\"",
					"-framework",
					"\"shared\"",
					"-lsqlite3",
				);
				PRODUCT_BUNDLE_IDENTIFIER = com.softartdev.notedelight;
				PRODUCT_NAME = "Note Delight";
				SWIFT_VERSION = 5.0;
				TARGETED_DEVICE_FAMILY = "1,2";
			};
			name = Debug;
		};
		7555FFA7242A565B00829871 /* Release */ = {
			isa = XCBuildConfiguration;
			baseConfigurationReference = 54BD2606F8514D9B9C31D14C /* Pods-iosApp.release.xcconfig */;
			buildSettings = {
				ASSETCATALOG_COMPILER_APPICON_NAME = AppIcon;
				CODE_SIGN_STYLE = Automatic;
				DEVELOPMENT_ASSET_PATHS = "\"iosApp/Preview Content\"";
				DEVELOPMENT_TEAM = H7L7R3VNZ4;
				ENABLE_PREVIEWS = YES;
				FRAMEWORK_SEARCH_PATHS = (
					"$(inherited)",
					"\"${PODS_ROOT}/../../shared/build/cocoapods/framework\"",
				);
				INFOPLIST_FILE = iosApp/Info.plist;
				LD_RUNPATH_SEARCH_PATHS = (
					"$(inherited)",
					"@executable_path/Frameworks",
				);
				OTHER_LDFLAGS = (
					"$(inherited)",
					"-ObjC",
					"-l\"c++\"",
					"-framework",
					"\"shared\"",
					"-lsqlite3",
				);
				PRODUCT_BUNDLE_IDENTIFIER = com.softartdev.notedelight;
				PRODUCT_NAME = "Note Delight";
				SWIFT_VERSION = 5.0;
				TARGETED_DEVICE_FAMILY = "1,2";
			};
			name = Release;
		};
		7555FFA9242A565B00829871 /* Debug */ = {
			isa = XCBuildConfiguration;
			buildSettings = {
				ALWAYS_EMBED_SWIFT_STANDARD_LIBRARIES = YES;
				BUNDLE_LOADER = "$(TEST_HOST)";
				CODE_SIGN_STYLE = Automatic;
				INFOPLIST_FILE = iosAppTests/Info.plist;
				IPHONEOS_DEPLOYMENT_TARGET = 13.2;
				LD_RUNPATH_SEARCH_PATHS = (
					"$(inherited)",
					"@executable_path/Frameworks",
					"@loader_path/Frameworks",
				);
				PRODUCT_BUNDLE_IDENTIFIER = orgIdentifier.iosAppTests;
				PRODUCT_NAME = "$(TARGET_NAME)";
				SWIFT_VERSION = 5.0;
				TARGETED_DEVICE_FAMILY = "1,2";
				TEST_HOST = "$(BUILT_PRODUCTS_DIR)/iosApp.app/iosApp";
			};
			name = Debug;
		};
		7555FFAA242A565B00829871 /* Release */ = {
			isa = XCBuildConfiguration;
			buildSettings = {
				ALWAYS_EMBED_SWIFT_STANDARD_LIBRARIES = YES;
				BUNDLE_LOADER = "$(TEST_HOST)";
				CODE_SIGN_STYLE = Automatic;
				INFOPLIST_FILE = iosAppTests/Info.plist;
				IPHONEOS_DEPLOYMENT_TARGET = 13.2;
				LD_RUNPATH_SEARCH_PATHS = (
					"$(inherited)",
					"@executable_path/Frameworks",
					"@loader_path/Frameworks",
				);
				PRODUCT_BUNDLE_IDENTIFIER = orgIdentifier.iosAppTests;
				PRODUCT_NAME = "$(TARGET_NAME)";
				SWIFT_VERSION = 5.0;
				TARGETED_DEVICE_FAMILY = "1,2";
				TEST_HOST = "$(BUILT_PRODUCTS_DIR)/iosApp.app/iosApp";
			};
			name = Release;
		};
		7555FFAC242A565B00829871 /* Debug */ = {
			isa = XCBuildConfiguration;
			buildSettings = {
				ALWAYS_EMBED_SWIFT_STANDARD_LIBRARIES = YES;
				CODE_SIGN_STYLE = Automatic;
				INFOPLIST_FILE = iosAppUITests/Info.plist;
				LD_RUNPATH_SEARCH_PATHS = (
					"$(inherited)",
					"@executable_path/Frameworks",
					"@loader_path/Frameworks",
				);
				PRODUCT_BUNDLE_IDENTIFIER = orgIdentifier.iosAppUITests;
				PRODUCT_NAME = "$(TARGET_NAME)";
				SWIFT_VERSION = 5.0;
				TARGETED_DEVICE_FAMILY = "1,2";
				TEST_TARGET_NAME = iosApp;
			};
			name = Debug;
		};
		7555FFAD242A565B00829871 /* Release */ = {
			isa = XCBuildConfiguration;
			buildSettings = {
				ALWAYS_EMBED_SWIFT_STANDARD_LIBRARIES = YES;
				CODE_SIGN_STYLE = Automatic;
				INFOPLIST_FILE = iosAppUITests/Info.plist;
				LD_RUNPATH_SEARCH_PATHS = (
					"$(inherited)",
					"@executable_path/Frameworks",
					"@loader_path/Frameworks",
				);
				PRODUCT_BUNDLE_IDENTIFIER = orgIdentifier.iosAppUITests;
				PRODUCT_NAME = "$(TARGET_NAME)";
				SWIFT_VERSION = 5.0;
				TARGETED_DEVICE_FAMILY = "1,2";
				TEST_TARGET_NAME = iosApp;
			};
			name = Release;
		};
/* End XCBuildConfiguration section */

/* Begin XCConfigurationList section */
		7555FF76242A565900829871 /* Build configuration list for PBXProject "iosApp" */ = {
			isa = XCConfigurationList;
			buildConfigurations = (
				7555FFA3242A565B00829871 /* Debug */,
				7555FFA4242A565B00829871 /* Release */,
			);
			defaultConfigurationIsVisible = 0;
			defaultConfigurationName = Release;
		};
		7555FFA5242A565B00829871 /* Build configuration list for PBXNativeTarget "iosApp" */ = {
			isa = XCConfigurationList;
			buildConfigurations = (
				7555FFA6242A565B00829871 /* Debug */,
				7555FFA7242A565B00829871 /* Release */,
			);
			defaultConfigurationIsVisible = 0;
			defaultConfigurationName = Release;
		};
		7555FFA8242A565B00829871 /* Build configuration list for PBXNativeTarget "iosAppTests" */ = {
			isa = XCConfigurationList;
			buildConfigurations = (
				7555FFA9242A565B00829871 /* Debug */,
				7555FFAA242A565B00829871 /* Release */,
			);
			defaultConfigurationIsVisible = 0;
			defaultConfigurationName = Release;
		};
		7555FFAB242A565B00829871 /* Build configuration list for PBXNativeTarget "iosAppUITests" */ = {
			isa = XCConfigurationList;
			buildConfigurations = (
				7555FFAC242A565B00829871 /* Debug */,
				7555FFAD242A565B00829871 /* Release */,
			);
			defaultConfigurationIsVisible = 0;
			defaultConfigurationName = Release;
		};
/* End XCConfigurationList section */
	};
	rootObject = 7555FF73242A565900829871 /* Project object */;
}
