// !$*UTF8*$!
{
	archiveVersion = 1;
	classes = {
	};
	objectVersion = 50;
	objects = {

/* Begin PBXBuildFile section */
		058557BB273AAA24004C7B11 /* Assets.xcassets in Resources */ = {isa = PBXBuildFile; fileRef = 058557BA273AAA24004C7B11 /* Assets.xcassets */; };
		058557D9273AAEEB004C7B11 /* Preview Assets.xcassets in Resources */ = {isa = PBXBuildFile; fileRef = 058557D8273AAEEB004C7B11 /* Preview Assets.xcassets */; };
		108DFC14BCE2F65A47BC4EC6 /* Pods_oldApp.framework in Frameworks */ = {isa = PBXBuildFile; fileRef = 024B9D7E4B2600D79EC9C366 /* Pods_oldApp.framework */; };
		2152FB042600AC8F00CF470E /* iOSApp.swift in Sources */ = {isa = PBXBuildFile; fileRef = 2152FB032600AC8F00CF470E /* iOSApp.swift */; };
		75715402296AF3E300210F51 /* Note_Delight_Unit_Tests.swift in Sources */ = {isa = PBXBuildFile; fileRef = 75715401296AF3E300210F51 /* Note_Delight_Unit_Tests.swift */; };
		757C9EC9293CE4F500F37CC5 /* Assets.xcassets in Resources */ = {isa = PBXBuildFile; fileRef = 757C9EC8293CE4F500F37CC5 /* Assets.xcassets */; };
		757C9ECC293CE4F500F37CC5 /* Preview Assets.xcassets in Resources */ = {isa = PBXBuildFile; fileRef = 757C9ECB293CE4F500F37CC5 /* Preview Assets.xcassets */; };
		757C9F62293CFA0200F37CC5 /* SettingsView.swift in Sources */ = {isa = PBXBuildFile; fileRef = 757C9F4D293CFA0200F37CC5 /* SettingsView.swift */; };
		757C9F63293CFA0200F37CC5 /* DetailView.swift in Sources */ = {isa = PBXBuildFile; fileRef = 757C9F4F293CFA0200F37CC5 /* DetailView.swift */; };
		757C9F64293CFA0200F37CC5 /* DetailViewModel.swift in Sources */ = {isa = PBXBuildFile; fileRef = 757C9F50293CFA0200F37CC5 /* DetailViewModel.swift */; };
		757C9F65293CFA0200F37CC5 /* TextView.swift in Sources */ = {isa = PBXBuildFile; fileRef = 757C9F51293CFA0200F37CC5 /* TextView.swift */; };
		757C9F66293CFA0200F37CC5 /* ContentViewModel.swift in Sources */ = {isa = PBXBuildFile; fileRef = 757C9F53293CFA0200F37CC5 /* ContentViewModel.swift */; };
		757C9F67293CFA0200F37CC5 /* MasterView.swift in Sources */ = {isa = PBXBuildFile; fileRef = 757C9F54293CFA0200F37CC5 /* MasterView.swift */; };
		757C9F68293CFA0200F37CC5 /* ContentView.swift in Sources */ = {isa = PBXBuildFile; fileRef = 757C9F55293CFA0200F37CC5 /* ContentView.swift */; };
		757C9F69293CFA0200F37CC5 /* LoadingView.swift in Sources */ = {isa = PBXBuildFile; fileRef = 757C9F56293CFA0200F37CC5 /* LoadingView.swift */; };
		757C9F6A293CFA0200F37CC5 /* NoteRow.swift in Sources */ = {isa = PBXBuildFile; fileRef = 757C9F57293CFA0200F37CC5 /* NoteRow.swift */; };
		757C9F6B293CFA0200F37CC5 /* ErrorView.swift in Sources */ = {isa = PBXBuildFile; fileRef = 757C9F58293CFA0200F37CC5 /* ErrorView.swift */; };
		757C9F6C293CFA0200F37CC5 /* NoteDelightApp.swift in Sources */ = {isa = PBXBuildFile; fileRef = 757C9F59293CFA0200F37CC5 /* NoteDelightApp.swift */; };
		757C9F6D293CFA0200F37CC5 /* Data.swift in Sources */ = {isa = PBXBuildFile; fileRef = 757C9F5B293CFA0200F37CC5 /* Data.swift */; };
		757C9F6E293CFA0200F37CC5 /* SplashViewModel.swift in Sources */ = {isa = PBXBuildFile; fileRef = 757C9F5D293CFA0200F37CC5 /* SplashViewModel.swift */; };
		757C9F6F293CFA0200F37CC5 /* SplashView.swift in Sources */ = {isa = PBXBuildFile; fileRef = 757C9F5E293CFA0200F37CC5 /* SplashView.swift */; };
		757C9F70293CFA0200F37CC5 /* SignInView.swift in Sources */ = {isa = PBXBuildFile; fileRef = 757C9F60293CFA0200F37CC5 /* SignInView.swift */; };
		757C9F71293CFA0200F37CC5 /* SignInViewModel.swift in Sources */ = {isa = PBXBuildFile; fileRef = 757C9F61293CFA0200F37CC5 /* SignInViewModel.swift */; };
		757C9F73293DF64600F37CC5 /* AppDelegate.swift in Sources */ = {isa = PBXBuildFile; fileRef = 757C9F72293DF64600F37CC5 /* AppDelegate.swift */; };
		757C9F75293DF7FC00F37CC5 /* ComposeController.swift in Sources */ = {isa = PBXBuildFile; fileRef = 757C9F74293DF7FC00F37CC5 /* ComposeController.swift */; };
		757C9F77293DF85E00F37CC5 /* BackgroundCrashWorkaroundController.swift in Sources */ = {isa = PBXBuildFile; fileRef = 757C9F76293DF85E00F37CC5 /* BackgroundCrashWorkaroundController.swift */; };
		B5D907AAC88EE741AE81DF30 /* Pods_iosApp.framework in Frameworks */ = {isa = PBXBuildFile; fileRef = C023D504466D12EC1A6FB405 /* Pods_iosApp.framework */; };
/* End PBXBuildFile section */

/* Begin PBXContainerItemProxy section */
		75715403296AF3E300210F51 /* PBXContainerItemProxy */ = {
			isa = PBXContainerItemProxy;
			containerPortal = 7555FF73242A565900829871 /* Project object */;
			proxyType = 1;
			remoteGlobalIDString = 7555FF7A242A565900829871;
			remoteInfo = iosApp;
		};
/* End PBXContainerItemProxy section */

/* Begin PBXFileReference section */
		024B9D7E4B2600D79EC9C366 /* Pods_oldApp.framework */ = {isa = PBXFileReference; explicitFileType = wrapper.framework; includeInIndex = 0; path = Pods_oldApp.framework; sourceTree = BUILT_PRODUCTS_DIR; };
		058557BA273AAA24004C7B11 /* Assets.xcassets */ = {isa = PBXFileReference; lastKnownFileType = folder.assetcatalog; path = Assets.xcassets; sourceTree = "<group>"; };
		058557D8273AAEEB004C7B11 /* Preview Assets.xcassets */ = {isa = PBXFileReference; lastKnownFileType = folder.assetcatalog; path = "Preview Assets.xcassets"; sourceTree = "<group>"; };
		2152FB032600AC8F00CF470E /* iOSApp.swift */ = {isa = PBXFileReference; lastKnownFileType = sourcecode.swift; path = iOSApp.swift; sourceTree = "<group>"; };
		43F673B03BC1EDA8EB2B6CF3 /* Pods-iosApp.debug.xcconfig */ = {isa = PBXFileReference; includeInIndex = 1; lastKnownFileType = text.xcconfig; name = "Pods-iosApp.debug.xcconfig"; path = "Target Support Files/Pods-iosApp/Pods-iosApp.debug.xcconfig"; sourceTree = "<group>"; };
		7555FF7B242A565900829871 /* iosApp.app */ = {isa = PBXFileReference; explicitFileType = wrapper.application; includeInIndex = 0; path = iosApp.app; sourceTree = BUILT_PRODUCTS_DIR; };
		7555FF8C242A565B00829871 /* Info.plist */ = {isa = PBXFileReference; lastKnownFileType = text.plist.xml; path = Info.plist; sourceTree = "<group>"; };
		757153FF296AF3E300210F51 /* Note Delight Unit-Tests.xctest */ = {isa = PBXFileReference; explicitFileType = wrapper.cfbundle; includeInIndex = 0; path = "Note Delight Unit-Tests.xctest"; sourceTree = BUILT_PRODUCTS_DIR; };
		75715401296AF3E300210F51 /* Note_Delight_Unit_Tests.swift */ = {isa = PBXFileReference; lastKnownFileType = sourcecode.swift; path = Note_Delight_Unit_Tests.swift; sourceTree = "<group>"; };
		757C9EC2293CE4F400F37CC5 /* oldApp.app */ = {isa = PBXFileReference; explicitFileType = wrapper.application; includeInIndex = 0; path = oldApp.app; sourceTree = BUILT_PRODUCTS_DIR; };
		757C9EC8293CE4F500F37CC5 /* Assets.xcassets */ = {isa = PBXFileReference; lastKnownFileType = folder.assetcatalog; path = Assets.xcassets; sourceTree = "<group>"; };
		757C9ECB293CE4F500F37CC5 /* Preview Assets.xcassets */ = {isa = PBXFileReference; lastKnownFileType = folder.assetcatalog; path = "Preview Assets.xcassets"; sourceTree = "<group>"; };
		757C9ED0293CECD300F37CC5 /* Info.plist */ = {isa = PBXFileReference; lastKnownFileType = text.plist; path = Info.plist; sourceTree = "<group>"; };
		757C9F4D293CFA0200F37CC5 /* SettingsView.swift */ = {isa = PBXFileReference; fileEncoding = 4; lastKnownFileType = sourcecode.swift; path = SettingsView.swift; sourceTree = "<group>"; };
		757C9F4F293CFA0200F37CC5 /* DetailView.swift */ = {isa = PBXFileReference; fileEncoding = 4; lastKnownFileType = sourcecode.swift; path = DetailView.swift; sourceTree = "<group>"; };
		757C9F50293CFA0200F37CC5 /* DetailViewModel.swift */ = {isa = PBXFileReference; fileEncoding = 4; lastKnownFileType = sourcecode.swift; path = DetailViewModel.swift; sourceTree = "<group>"; };
		757C9F51293CFA0200F37CC5 /* TextView.swift */ = {isa = PBXFileReference; fileEncoding = 4; lastKnownFileType = sourcecode.swift; path = TextView.swift; sourceTree = "<group>"; };
		757C9F53293CFA0200F37CC5 /* ContentViewModel.swift */ = {isa = PBXFileReference; fileEncoding = 4; lastKnownFileType = sourcecode.swift; path = ContentViewModel.swift; sourceTree = "<group>"; };
		757C9F54293CFA0200F37CC5 /* MasterView.swift */ = {isa = PBXFileReference; fileEncoding = 4; lastKnownFileType = sourcecode.swift; path = MasterView.swift; sourceTree = "<group>"; };
		757C9F55293CFA0200F37CC5 /* ContentView.swift */ = {isa = PBXFileReference; fileEncoding = 4; lastKnownFileType = sourcecode.swift; path = ContentView.swift; sourceTree = "<group>"; };
		757C9F56293CFA0200F37CC5 /* LoadingView.swift */ = {isa = PBXFileReference; fileEncoding = 4; lastKnownFileType = sourcecode.swift; path = LoadingView.swift; sourceTree = "<group>"; };
		757C9F57293CFA0200F37CC5 /* NoteRow.swift */ = {isa = PBXFileReference; fileEncoding = 4; lastKnownFileType = sourcecode.swift; path = NoteRow.swift; sourceTree = "<group>"; };
		757C9F58293CFA0200F37CC5 /* ErrorView.swift */ = {isa = PBXFileReference; fileEncoding = 4; lastKnownFileType = sourcecode.swift; path = ErrorView.swift; sourceTree = "<group>"; };
		757C9F59293CFA0200F37CC5 /* NoteDelightApp.swift */ = {isa = PBXFileReference; fileEncoding = 4; lastKnownFileType = sourcecode.swift; path = NoteDelightApp.swift; sourceTree = "<group>"; };
		757C9F5B293CFA0200F37CC5 /* Data.swift */ = {isa = PBXFileReference; fileEncoding = 4; lastKnownFileType = sourcecode.swift; path = Data.swift; sourceTree = "<group>"; };
		757C9F5D293CFA0200F37CC5 /* SplashViewModel.swift */ = {isa = PBXFileReference; fileEncoding = 4; lastKnownFileType = sourcecode.swift; path = SplashViewModel.swift; sourceTree = "<group>"; };
		757C9F5E293CFA0200F37CC5 /* SplashView.swift */ = {isa = PBXFileReference; fileEncoding = 4; lastKnownFileType = sourcecode.swift; path = SplashView.swift; sourceTree = "<group>"; };
		757C9F60293CFA0200F37CC5 /* SignInView.swift */ = {isa = PBXFileReference; fileEncoding = 4; lastKnownFileType = sourcecode.swift; path = SignInView.swift; sourceTree = "<group>"; };
		757C9F61293CFA0200F37CC5 /* SignInViewModel.swift */ = {isa = PBXFileReference; fileEncoding = 4; lastKnownFileType = sourcecode.swift; path = SignInViewModel.swift; sourceTree = "<group>"; };
		757C9F72293DF64600F37CC5 /* AppDelegate.swift */ = {isa = PBXFileReference; lastKnownFileType = sourcecode.swift; path = AppDelegate.swift; sourceTree = "<group>"; };
		757C9F74293DF7FC00F37CC5 /* ComposeController.swift */ = {isa = PBXFileReference; lastKnownFileType = sourcecode.swift; path = ComposeController.swift; sourceTree = "<group>"; };
		757C9F76293DF85E00F37CC5 /* BackgroundCrashWorkaroundController.swift */ = {isa = PBXFileReference; lastKnownFileType = sourcecode.swift; path = BackgroundCrashWorkaroundController.swift; sourceTree = "<group>"; };
		821448A93FD50C8CBCA983DF /* Pods-iosApp.release.xcconfig */ = {isa = PBXFileReference; includeInIndex = 1; lastKnownFileType = text.xcconfig; name = "Pods-iosApp.release.xcconfig"; path = "Target Support Files/Pods-iosApp/Pods-iosApp.release.xcconfig"; sourceTree = "<group>"; };
		8956BA8FE09DEDAF868DDC77 /* Pods-oldApp.release.xcconfig */ = {isa = PBXFileReference; includeInIndex = 1; lastKnownFileType = text.xcconfig; name = "Pods-oldApp.release.xcconfig"; path = "Target Support Files/Pods-oldApp/Pods-oldApp.release.xcconfig"; sourceTree = "<group>"; };
		C023D504466D12EC1A6FB405 /* Pods_iosApp.framework */ = {isa = PBXFileReference; explicitFileType = wrapper.framework; includeInIndex = 0; path = Pods_iosApp.framework; sourceTree = BUILT_PRODUCTS_DIR; };
		F5116946DFFC69C5EBECA587 /* Pods-oldApp.debug.xcconfig */ = {isa = PBXFileReference; includeInIndex = 1; lastKnownFileType = text.xcconfig; name = "Pods-oldApp.debug.xcconfig"; path = "Target Support Files/Pods-oldApp/Pods-oldApp.debug.xcconfig"; sourceTree = "<group>"; };
/* End PBXFileReference section */

/* Begin PBXFrameworksBuildPhase section */
		757153FC296AF3E300210F51 /* Frameworks */ = {
			isa = PBXFrameworksBuildPhase;
			buildActionMask = 2147483647;
			files = (
			);
			runOnlyForDeploymentPostprocessing = 0;
		};
		757C9EBF293CE4F400F37CC5 /* Frameworks */ = {
			isa = PBXFrameworksBuildPhase;
			buildActionMask = 2147483647;
			files = (
				108DFC14BCE2F65A47BC4EC6 /* Pods_oldApp.framework in Frameworks */,
			);
			runOnlyForDeploymentPostprocessing = 0;
		};
		75CF0FBEED43B2BAC7F61B5C /* Frameworks */ = {
			isa = PBXFrameworksBuildPhase;
			buildActionMask = 2147483647;
			files = (
				B5D907AAC88EE741AE81DF30 /* Pods_iosApp.framework in Frameworks */,
			);
			runOnlyForDeploymentPostprocessing = 0;
		};
/* End PBXFrameworksBuildPhase section */

/* Begin PBXGroup section */
		058557D7273AAEEB004C7B11 /* Preview Content */ = {
			isa = PBXGroup;
			children = (
				058557D8273AAEEB004C7B11 /* Preview Assets.xcassets */,
			);
			path = "Preview Content";
			sourceTree = "<group>";
		};
		246F4278F0CB9E5E1153DA2B /* Pods */ = {
			isa = PBXGroup;
			children = (
				43F673B03BC1EDA8EB2B6CF3 /* Pods-iosApp.debug.xcconfig */,
				821448A93FD50C8CBCA983DF /* Pods-iosApp.release.xcconfig */,
				F5116946DFFC69C5EBECA587 /* Pods-oldApp.debug.xcconfig */,
				8956BA8FE09DEDAF868DDC77 /* Pods-oldApp.release.xcconfig */,
			);
			path = Pods;
			sourceTree = "<group>";
		};
		4984807120CC87C587AFC582 /* Frameworks */ = {
			isa = PBXGroup;
			children = (
				C023D504466D12EC1A6FB405 /* Pods_iosApp.framework */,
				024B9D7E4B2600D79EC9C366 /* Pods_oldApp.framework */,
			);
			name = Frameworks;
			sourceTree = "<group>";
		};
		7555FF72242A565900829871 = {
			isa = PBXGroup;
			children = (
				7555FF7D242A565900829871 /* iosApp */,
				75715400296AF3E300210F51 /* Note Delight Unit-Tests */,
				757C9EC3293CE4F400F37CC5 /* oldApp */,
				7555FF7C242A565900829871 /* Products */,
				246F4278F0CB9E5E1153DA2B /* Pods */,
				4984807120CC87C587AFC582 /* Frameworks */,
			);
			sourceTree = "<group>";
		};
		7555FF7C242A565900829871 /* Products */ = {
			isa = PBXGroup;
			children = (
				7555FF7B242A565900829871 /* iosApp.app */,
				757C9EC2293CE4F400F37CC5 /* oldApp.app */,
				757153FF296AF3E300210F51 /* Note Delight Unit-Tests.xctest */,
			);
			name = Products;
			sourceTree = "<group>";
		};
		7555FF7D242A565900829871 /* iosApp */ = {
			isa = PBXGroup;
			children = (
				058557BA273AAA24004C7B11 /* Assets.xcassets */,
				7555FF8C242A565B00829871 /* Info.plist */,
				2152FB032600AC8F00CF470E /* iOSApp.swift */,
				757C9F72293DF64600F37CC5 /* AppDelegate.swift */,
				757C9F74293DF7FC00F37CC5 /* ComposeController.swift */,
				757C9F76293DF85E00F37CC5 /* BackgroundCrashWorkaroundController.swift */,
				058557D7273AAEEB004C7B11 /* Preview Content */,
			);
			path = iosApp;
			sourceTree = "<group>";
		};
		75715400296AF3E300210F51 /* Note Delight Unit-Tests */ = {
			isa = PBXGroup;
			children = (
				75715401296AF3E300210F51 /* Note_Delight_Unit_Tests.swift */,
			);
			path = "Note Delight Unit-Tests";
			sourceTree = "<group>";
		};
		757C9EC3293CE4F400F37CC5 /* oldApp */ = {
			isa = PBXGroup;
			children = (
				757C9F5A293CFA0200F37CC5 /* Model */,
				757C9F5C293CFA0200F37CC5 /* Splash */,
				757C9F5F293CFA0200F37CC5 /* SignIn */,
				757C9F52293CFA0200F37CC5 /* Master */,
				757C9F4E293CFA0200F37CC5 /* Detail */,
				757C9F4C293CFA0200F37CC5 /* Settings */,
				757C9F59293CFA0200F37CC5 /* NoteDelightApp.swift */,
				757C9ED0293CECD300F37CC5 /* Info.plist */,
				757C9EC8293CE4F500F37CC5 /* Assets.xcassets */,
				757C9ECA293CE4F500F37CC5 /* Preview Content */,
			);
			path = oldApp;
			sourceTree = "<group>";
		};
		757C9ECA293CE4F500F37CC5 /* Preview Content */ = {
			isa = PBXGroup;
			children = (
				757C9ECB293CE4F500F37CC5 /* Preview Assets.xcassets */,
			);
			path = "Preview Content";
			sourceTree = "<group>";
		};
		757C9F4C293CFA0200F37CC5 /* Settings */ = {
			isa = PBXGroup;
			children = (
				757C9F4D293CFA0200F37CC5 /* SettingsView.swift */,
			);
			path = Settings;
			sourceTree = "<group>";
		};
		757C9F4E293CFA0200F37CC5 /* Detail */ = {
			isa = PBXGroup;
			children = (
				757C9F4F293CFA0200F37CC5 /* DetailView.swift */,
				757C9F50293CFA0200F37CC5 /* DetailViewModel.swift */,
				757C9F51293CFA0200F37CC5 /* TextView.swift */,
			);
			path = Detail;
			sourceTree = "<group>";
		};
		757C9F52293CFA0200F37CC5 /* Master */ = {
			isa = PBXGroup;
			children = (
				757C9F53293CFA0200F37CC5 /* ContentViewModel.swift */,
				757C9F54293CFA0200F37CC5 /* MasterView.swift */,
				757C9F55293CFA0200F37CC5 /* ContentView.swift */,
				757C9F56293CFA0200F37CC5 /* LoadingView.swift */,
				757C9F57293CFA0200F37CC5 /* NoteRow.swift */,
				757C9F58293CFA0200F37CC5 /* ErrorView.swift */,
			);
			path = Master;
			sourceTree = "<group>";
		};
		757C9F5A293CFA0200F37CC5 /* Model */ = {
			isa = PBXGroup;
			children = (
				757C9F5B293CFA0200F37CC5 /* Data.swift */,
			);
			path = Model;
			sourceTree = "<group>";
		};
		757C9F5C293CFA0200F37CC5 /* Splash */ = {
			isa = PBXGroup;
			children = (
				757C9F5D293CFA0200F37CC5 /* SplashViewModel.swift */,
				757C9F5E293CFA0200F37CC5 /* SplashView.swift */,
			);
			path = Splash;
			sourceTree = "<group>";
		};
		757C9F5F293CFA0200F37CC5 /* SignIn */ = {
			isa = PBXGroup;
			children = (
				757C9F60293CFA0200F37CC5 /* SignInView.swift */,
				757C9F61293CFA0200F37CC5 /* SignInViewModel.swift */,
			);
			path = SignIn;
			sourceTree = "<group>";
		};
/* End PBXGroup section */

/* Begin PBXNativeTarget section */
		7555FF7A242A565900829871 /* iosApp */ = {
			isa = PBXNativeTarget;
			buildConfigurationList = 7555FFA5242A565B00829871 /* Build configuration list for PBXNativeTarget "iosApp" */;
			buildPhases = (
				E9AE07811B03BC6FA8BB541A /* [CP] Check Pods Manifest.lock */,
				7555FF77242A565900829871 /* Sources */,
				7555FF79242A565900829871 /* Resources */,
				75CF0FBEED43B2BAC7F61B5C /* Frameworks */,
				7594048B29365286005183CD /* Copy moko-resources */,
				429B164A736538A4BD8F4718 /* [CP] Embed Pods Frameworks */,
			);
			buildRules = (
			);
			dependencies = (
			);
			name = iosApp;
			productName = iosApp;
			productReference = 7555FF7B242A565900829871 /* iosApp.app */;
			productType = "com.apple.product-type.application";
		};
		757153FE296AF3E300210F51 /* Note Delight Unit-Tests */ = {
			isa = PBXNativeTarget;
			buildConfigurationList = 75715407296AF3E300210F51 /* Build configuration list for PBXNativeTarget "Note Delight Unit-Tests" */;
			buildPhases = (
				757153FB296AF3E300210F51 /* Sources */,
				757153FC296AF3E300210F51 /* Frameworks */,
				757153FD296AF3E300210F51 /* Resources */,
			);
			buildRules = (
			);
			dependencies = (
				75715404296AF3E300210F51 /* PBXTargetDependency */,
			);
			name = "Note Delight Unit-Tests";
			productName = "Note Delight Unit-Tests";
			productReference = 757153FF296AF3E300210F51 /* Note Delight Unit-Tests.xctest */;
			productType = "com.apple.product-type.bundle.unit-test";
		};
		757C9EC1293CE4F400F37CC5 /* oldApp */ = {
			isa = PBXNativeTarget;
			buildConfigurationList = 757C9ECF293CE4F500F37CC5 /* Build configuration list for PBXNativeTarget "oldApp" */;
			buildPhases = (
				55D2F2F7406CA3830035BD14 /* [CP] Check Pods Manifest.lock */,
				757C9EBE293CE4F400F37CC5 /* Sources */,
				757C9EBF293CE4F400F37CC5 /* Frameworks */,
				757C9EC0293CE4F400F37CC5 /* Resources */,
				757C9ED1293CECFA00F37CC5 /* Copy moko-resources */,
			);
			buildRules = (
			);
			dependencies = (
			);
			name = oldApp;
			productName = oldApp;
			productReference = 757C9EC2293CE4F400F37CC5 /* oldApp.app */;
			productType = "com.apple.product-type.application";
		};
/* End PBXNativeTarget section */

/* Begin PBXProject section */
		7555FF73242A565900829871 /* Project object */ = {
			isa = PBXProject;
			attributes = {
				LastSwiftUpdateCheck = 1420;
				LastUpgradeCheck = 1130;
				ORGANIZATIONNAME = orgName;
				TargetAttributes = {
					7555FF7A242A565900829871 = {
						CreatedOnToolsVersion = 11.3.1;
					};
					757153FE296AF3E300210F51 = {
						CreatedOnToolsVersion = 14.2;
						TestTargetID = 7555FF7A242A565900829871;
					};
					757C9EC1293CE4F400F37CC5 = {
						CreatedOnToolsVersion = 14.1;
					};
				};
			};
			buildConfigurationList = 7555FF76242A565900829871 /* Build configuration list for PBXProject "iosApp" */;
			compatibilityVersion = "Xcode 9.3";
			developmentRegion = en;
			hasScannedForEncodings = 0;
			knownRegions = (
				en,
				Base,
			);
			mainGroup = 7555FF72242A565900829871;
			productRefGroup = 7555FF7C242A565900829871 /* Products */;
			projectDirPath = "";
			projectRoot = "";
			targets = (
				7555FF7A242A565900829871 /* iosApp */,
				757153FE296AF3E300210F51 /* Note Delight Unit-Tests */,
				757C9EC1293CE4F400F37CC5 /* oldApp */,
			);
		};
/* End PBXProject section */

/* Begin PBXResourcesBuildPhase section */
		7555FF79242A565900829871 /* Resources */ = {
			isa = PBXResourcesBuildPhase;
			buildActionMask = 2147483647;
			files = (
				058557D9273AAEEB004C7B11 /* Preview Assets.xcassets in Resources */,
				058557BB273AAA24004C7B11 /* Assets.xcassets in Resources */,
			);
			runOnlyForDeploymentPostprocessing = 0;
		};
		757153FD296AF3E300210F51 /* Resources */ = {
			isa = PBXResourcesBuildPhase;
			buildActionMask = 2147483647;
			files = (
			);
			runOnlyForDeploymentPostprocessing = 0;
		};
		757C9EC0293CE4F400F37CC5 /* Resources */ = {
			isa = PBXResourcesBuildPhase;
			buildActionMask = 2147483647;
			files = (
				757C9ECC293CE4F500F37CC5 /* Preview Assets.xcassets in Resources */,
				757C9EC9293CE4F500F37CC5 /* Assets.xcassets in Resources */,
			);
			runOnlyForDeploymentPostprocessing = 0;
		};
/* End PBXResourcesBuildPhase section */

/* Begin PBXShellScriptBuildPhase section */
		429B164A736538A4BD8F4718 /* [CP] Embed Pods Frameworks */ = {
			isa = PBXShellScriptBuildPhase;
			buildActionMask = 2147483647;
			files = (
			);
			inputFileListPaths = (
				"${PODS_ROOT}/Target Support Files/Pods-iosApp/Pods-iosApp-frameworks-${CONFIGURATION}-input-files.xcfilelist",
			);
			name = "[CP] Embed Pods Frameworks";
			outputFileListPaths = (
				"${PODS_ROOT}/Target Support Files/Pods-iosApp/Pods-iosApp-frameworks-${CONFIGURATION}-output-files.xcfilelist",
			);
			runOnlyForDeploymentPostprocessing = 0;
			shellPath = /bin/sh;
			shellScript = "\"${PODS_ROOT}/Target Support Files/Pods-iosApp/Pods-iosApp-frameworks.sh\"\n";
			showEnvVarsInLog = 0;
		};
		55D2F2F7406CA3830035BD14 /* [CP] Check Pods Manifest.lock */ = {
			isa = PBXShellScriptBuildPhase;
			buildActionMask = 2147483647;
			files = (
			);
			inputFileListPaths = (
			);
			inputPaths = (
				"${PODS_PODFILE_DIR_PATH}/Podfile.lock",
				"${PODS_ROOT}/Manifest.lock",
			);
			name = "[CP] Check Pods Manifest.lock";
			outputFileListPaths = (
			);
			outputPaths = (
				"$(DERIVED_FILE_DIR)/Pods-oldApp-checkManifestLockResult.txt",
			);
			runOnlyForDeploymentPostprocessing = 0;
			shellPath = /bin/sh;
			shellScript = "diff \"${PODS_PODFILE_DIR_PATH}/Podfile.lock\" \"${PODS_ROOT}/Manifest.lock\" > /dev/null\nif [ $? != 0 ] ; then\n    # print error to STDERR\n    echo \"error: The sandbox is not in sync with the Podfile.lock. Run 'pod install' or update your CocoaPods installation.\" >&2\n    exit 1\nfi\n# This output is used by Xcode 'outputs' to avoid re-running this script phase.\necho \"SUCCESS\" > \"${SCRIPT_OUTPUT_FILE_0}\"\n";
			showEnvVarsInLog = 0;
		};
		757C9ED1293CECFA00F37CC5 /* Copy moko-resources */ = {
			isa = PBXShellScriptBuildPhase;
			buildActionMask = 2147483647;
			files = (
			);
			inputFileListPaths = (
			);
			inputPaths = (
			);
			name = "Copy moko-resources";
			outputFileListPaths = (
			);
			outputPaths = (
			);
			runOnlyForDeploymentPostprocessing = 0;
			shellPath = /bin/sh;
			shellScript = "\"$SRCROOT/../gradlew\" -p \"$SRCROOT/../\" :shared:copyFrameworkResourcesToApp \\\n    -Pmoko.resources.PLATFORM_NAME=$PLATFORM_NAME \\\n    -Pmoko.resources.CONFIGURATION=$CONFIGURATION \\\n    -Pmoko.resources.BUILT_PRODUCTS_DIR=$BUILT_PRODUCTS_DIR \\\n    -Pmoko.resources.CONTENTS_FOLDER_PATH=$CONTENTS_FOLDER_PATH\\\n    -Pkotlin.native.cocoapods.platform=$PLATFORM_NAME \\\n    -Pkotlin.native.cocoapods.archs=\"$ARCHS\" \\\n    -Pkotlin.native.cocoapods.configuration=$CONFIGURATION \n";
		};
		7594048B29365286005183CD /* Copy moko-resources */ = {
			isa = PBXShellScriptBuildPhase;
			buildActionMask = 2147483647;
			files = (
			);
			inputFileListPaths = (
			);
			inputPaths = (
			);
			name = "Copy moko-resources";
			outputFileListPaths = (
			);
			outputPaths = (
			);
			runOnlyForDeploymentPostprocessing = 0;
			shellPath = /bin/sh;
			shellScript = "\"$SRCROOT/../gradlew\" -p \"$SRCROOT/../\" :shared:copyFrameworkResourcesToApp \\\n    -Pmoko.resources.PLATFORM_NAME=$PLATFORM_NAME \\\n    -Pmoko.resources.CONFIGURATION=$CONFIGURATION \\\n    -Pmoko.resources.BUILT_PRODUCTS_DIR=$BUILT_PRODUCTS_DIR \\\n    -Pmoko.resources.CONTENTS_FOLDER_PATH=$CONTENTS_FOLDER_PATH\\\n    -Pkotlin.native.cocoapods.platform=$PLATFORM_NAME \\\n    -Pkotlin.native.cocoapods.archs=\"$ARCHS\" \\\n    -Pkotlin.native.cocoapods.configuration=$CONFIGURATION \n";
		};
		E9AE07811B03BC6FA8BB541A /* [CP] Check Pods Manifest.lock */ = {
			isa = PBXShellScriptBuildPhase;
			buildActionMask = 2147483647;
			files = (
			);
			inputFileListPaths = (
			);
			inputPaths = (
				"${PODS_PODFILE_DIR_PATH}/Podfile.lock",
				"${PODS_ROOT}/Manifest.lock",
			);
			name = "[CP] Check Pods Manifest.lock";
			outputFileListPaths = (
			);
			outputPaths = (
				"$(DERIVED_FILE_DIR)/Pods-iosApp-checkManifestLockResult.txt",
			);
			runOnlyForDeploymentPostprocessing = 0;
			shellPath = /bin/sh;
			shellScript = "diff \"${PODS_PODFILE_DIR_PATH}/Podfile.lock\" \"${PODS_ROOT}/Manifest.lock\" > /dev/null\nif [ $? != 0 ] ; then\n    # print error to STDERR\n    echo \"error: The sandbox is not in sync with the Podfile.lock. Run 'pod install' or update your CocoaPods installation.\" >&2\n    exit 1\nfi\n# This output is used by Xcode 'outputs' to avoid re-running this script phase.\necho \"SUCCESS\" > \"${SCRIPT_OUTPUT_FILE_0}\"\n";
			showEnvVarsInLog = 0;
		};
/* End PBXShellScriptBuildPhase section */

/* Begin PBXSourcesBuildPhase section */
		7555FF77242A565900829871 /* Sources */ = {
			isa = PBXSourcesBuildPhase;
			buildActionMask = 2147483647;
			files = (
				757C9F73293DF64600F37CC5 /* AppDelegate.swift in Sources */,
				757C9F77293DF85E00F37CC5 /* BackgroundCrashWorkaroundController.swift in Sources */,
				2152FB042600AC8F00CF470E /* iOSApp.swift in Sources */,
				757C9F75293DF7FC00F37CC5 /* ComposeController.swift in Sources */,
			);
			runOnlyForDeploymentPostprocessing = 0;
		};
		757153FB296AF3E300210F51 /* Sources */ = {
			isa = PBXSourcesBuildPhase;
			buildActionMask = 2147483647;
			files = (
				75715402296AF3E300210F51 /* Note_Delight_Unit_Tests.swift in Sources */,
			);
			runOnlyForDeploymentPostprocessing = 0;
		};
		757C9EBE293CE4F400F37CC5 /* Sources */ = {
			isa = PBXSourcesBuildPhase;
			buildActionMask = 2147483647;
			files = (
				757C9F6E293CFA0200F37CC5 /* SplashViewModel.swift in Sources */,
				757C9F6F293CFA0200F37CC5 /* SplashView.swift in Sources */,
				757C9F62293CFA0200F37CC5 /* SettingsView.swift in Sources */,
				757C9F63293CFA0200F37CC5 /* DetailView.swift in Sources */,
				757C9F67293CFA0200F37CC5 /* MasterView.swift in Sources */,
				757C9F69293CFA0200F37CC5 /* LoadingView.swift in Sources */,
				757C9F70293CFA0200F37CC5 /* SignInView.swift in Sources */,
				757C9F66293CFA0200F37CC5 /* ContentViewModel.swift in Sources */,
				757C9F68293CFA0200F37CC5 /* ContentView.swift in Sources */,
				757C9F6D293CFA0200F37CC5 /* Data.swift in Sources */,
				757C9F6B293CFA0200F37CC5 /* ErrorView.swift in Sources */,
				757C9F6A293CFA0200F37CC5 /* NoteRow.swift in Sources */,
				757C9F65293CFA0200F37CC5 /* TextView.swift in Sources */,
				757C9F71293CFA0200F37CC5 /* SignInViewModel.swift in Sources */,
				757C9F64293CFA0200F37CC5 /* DetailViewModel.swift in Sources */,
				757C9F6C293CFA0200F37CC5 /* NoteDelightApp.swift in Sources */,
			);
			runOnlyForDeploymentPostprocessing = 0;
		};
/* End PBXSourcesBuildPhase section */

/* Begin PBXTargetDependency section */
		75715404296AF3E300210F51 /* PBXTargetDependency */ = {
			isa = PBXTargetDependency;
			target = 7555FF7A242A565900829871 /* iosApp */;
			targetProxy = 75715403296AF3E300210F51 /* PBXContainerItemProxy */;
		};
/* End PBXTargetDependency section */

/* Begin XCBuildConfiguration section */
		7555FFA3242A565B00829871 /* Debug */ = {
			isa = XCBuildConfiguration;
			buildSettings = {
				ALWAYS_SEARCH_USER_PATHS = NO;
				CLANG_ANALYZER_NONNULL = YES;
				CLANG_ANALYZER_NUMBER_OBJECT_CONVERSION = YES_AGGRESSIVE;
				CLANG_CXX_LANGUAGE_STANDARD = "gnu++14";
				CLANG_CXX_LIBRARY = "libc++";
				CLANG_ENABLE_MODULES = YES;
				CLANG_ENABLE_OBJC_ARC = YES;
				CLANG_ENABLE_OBJC_WEAK = YES;
				CLANG_WARN_BLOCK_CAPTURE_AUTORELEASING = YES;
				CLANG_WARN_BOOL_CONVERSION = YES;
				CLANG_WARN_COMMA = YES;
				CLANG_WARN_CONSTANT_CONVERSION = YES;
				CLANG_WARN_DEPRECATED_OBJC_IMPLEMENTATIONS = YES;
				CLANG_WARN_DIRECT_OBJC_ISA_USAGE = YES_ERROR;
				CLANG_WARN_DOCUMENTATION_COMMENTS = YES;
				CLANG_WARN_EMPTY_BODY = YES;
				CLANG_WARN_ENUM_CONVERSION = YES;
				CLANG_WARN_INFINITE_RECURSION = YES;
				CLANG_WARN_INT_CONVERSION = YES;
				CLANG_WARN_NON_LITERAL_NULL_CONVERSION = YES;
				CLANG_WARN_OBJC_IMPLICIT_RETAIN_SELF = YES;
				CLANG_WARN_OBJC_LITERAL_CONVERSION = YES;
				CLANG_WARN_OBJC_ROOT_CLASS = YES_ERROR;
				CLANG_WARN_QUOTED_INCLUDE_IN_FRAMEWORK_HEADER = YES;
				CLANG_WARN_RANGE_LOOP_ANALYSIS = YES;
				CLANG_WARN_STRICT_PROTOTYPES = YES;
				CLANG_WARN_SUSPICIOUS_MOVE = YES;
				CLANG_WARN_UNGUARDED_AVAILABILITY = YES_AGGRESSIVE;
				CLANG_WARN_UNREACHABLE_CODE = YES;
				CLANG_WARN__DUPLICATE_METHOD_MATCH = YES;
				COPY_PHASE_STRIP = NO;
				DEBUG_INFORMATION_FORMAT = "dwarf-with-dsym";
				ENABLE_STRICT_OBJC_MSGSEND = YES;
				ENABLE_TESTABILITY = YES;
				GCC_C_LANGUAGE_STANDARD = gnu11;
				GCC_DYNAMIC_NO_PIC = NO;
				GCC_NO_COMMON_BLOCKS = YES;
				GCC_OPTIMIZATION_LEVEL = 0;
				GCC_PREPROCESSOR_DEFINITIONS = (
					"DEBUG=1",
					"$(inherited)",
				);
				GCC_WARN_64_TO_32_BIT_CONVERSION = YES;
				GCC_WARN_ABOUT_RETURN_TYPE = YES_ERROR;
				GCC_WARN_UNDECLARED_SELECTOR = YES;
				GCC_WARN_UNINITIALIZED_AUTOS = YES_AGGRESSIVE;
				GCC_WARN_UNUSED_FUNCTION = YES;
				GCC_WARN_UNUSED_VARIABLE = YES;
				IPHONEOS_DEPLOYMENT_TARGET = 14.1;
				MTL_ENABLE_DEBUG_INFO = INCLUDE_SOURCE;
				MTL_FAST_MATH = YES;
				ONLY_ACTIVE_ARCH = YES;
				SDKROOT = iphoneos;
				SWIFT_ACTIVE_COMPILATION_CONDITIONS = DEBUG;
				SWIFT_OPTIMIZATION_LEVEL = "-Onone";
			};
			name = Debug;
		};
		7555FFA4242A565B00829871 /* Release */ = {
			isa = XCBuildConfiguration;
			buildSettings = {
				ALWAYS_SEARCH_USER_PATHS = NO;
				CLANG_ANALYZER_NONNULL = YES;
				CLANG_ANALYZER_NUMBER_OBJECT_CONVERSION = YES_AGGRESSIVE;
				CLANG_CXX_LANGUAGE_STANDARD = "gnu++14";
				CLANG_CXX_LIBRARY = "libc++";
				CLANG_ENABLE_MODULES = YES;
				CLANG_ENABLE_OBJC_ARC = YES;
				CLANG_ENABLE_OBJC_WEAK = YES;
				CLANG_WARN_BLOCK_CAPTURE_AUTORELEASING = YES;
				CLANG_WARN_BOOL_CONVERSION = YES;
				CLANG_WARN_COMMA = YES;
				CLANG_WARN_CONSTANT_CONVERSION = YES;
				CLANG_WARN_DEPRECATED_OBJC_IMPLEMENTATIONS = YES;
				CLANG_WARN_DIRECT_OBJC_ISA_USAGE = YES_ERROR;
				CLANG_WARN_DOCUMENTATION_COMMENTS = YES;
				CLANG_WARN_EMPTY_BODY = YES;
				CLANG_WARN_ENUM_CONVERSION = YES;
				CLANG_WARN_INFINITE_RECURSION = YES;
				CLANG_WARN_INT_CONVERSION = YES;
				CLANG_WARN_NON_LITERAL_NULL_CONVERSION = YES;
				CLANG_WARN_OBJC_IMPLICIT_RETAIN_SELF = YES;
				CLANG_WARN_OBJC_LITERAL_CONVERSION = YES;
				CLANG_WARN_OBJC_ROOT_CLASS = YES_ERROR;
				CLANG_WARN_QUOTED_INCLUDE_IN_FRAMEWORK_HEADER = YES;
				CLANG_WARN_RANGE_LOOP_ANALYSIS = YES;
				CLANG_WARN_STRICT_PROTOTYPES = YES;
				CLANG_WARN_SUSPICIOUS_MOVE = YES;
				CLANG_WARN_UNGUARDED_AVAILABILITY = YES_AGGRESSIVE;
				CLANG_WARN_UNREACHABLE_CODE = YES;
				CLANG_WARN__DUPLICATE_METHOD_MATCH = YES;
				COPY_PHASE_STRIP = NO;
				DEBUG_INFORMATION_FORMAT = "dwarf-with-dsym";
				ENABLE_NS_ASSERTIONS = NO;
				ENABLE_STRICT_OBJC_MSGSEND = YES;
				GCC_C_LANGUAGE_STANDARD = gnu11;
				GCC_NO_COMMON_BLOCKS = YES;
				GCC_WARN_64_TO_32_BIT_CONVERSION = YES;
				GCC_WARN_ABOUT_RETURN_TYPE = YES_ERROR;
				GCC_WARN_UNDECLARED_SELECTOR = YES;
				GCC_WARN_UNINITIALIZED_AUTOS = YES_AGGRESSIVE;
				GCC_WARN_UNUSED_FUNCTION = YES;
				GCC_WARN_UNUSED_VARIABLE = YES;
				IPHONEOS_DEPLOYMENT_TARGET = 14.1;
				MTL_ENABLE_DEBUG_INFO = NO;
				MTL_FAST_MATH = YES;
				SDKROOT = iphoneos;
				SWIFT_COMPILATION_MODE = wholemodule;
				SWIFT_OPTIMIZATION_LEVEL = "-O";
				VALIDATE_PRODUCT = YES;
			};
			name = Release;
		};
		7555FFA6242A565B00829871 /* Debug */ = {
			isa = XCBuildConfiguration;
			baseConfigurationReference = 43F673B03BC1EDA8EB2B6CF3 /* Pods-iosApp.debug.xcconfig */;
			buildSettings = {
				ASSETCATALOG_COMPILER_APPICON_NAME = AppIcon;
				CODE_SIGN_IDENTITY = "Apple Development";
				"CODE_SIGN_IDENTITY[sdk=iphoneos*]" = "iPhone Developer";
				CODE_SIGN_STYLE = Manual;
				CURRENT_PROJECT_VERSION = 6;
				DEVELOPMENT_ASSET_PATHS = "\"iosApp/Preview Content\"";
				DEVELOPMENT_TEAM = "";
				"DEVELOPMENT_TEAM[sdk=iphoneos*]" = H7L7R3VNZ4;
				ENABLE_PREVIEWS = YES;
				INFOPLIST_FILE = iosApp/Info.plist;
				INFOPLIST_KEY_CFBundleDisplayName = "Note Delight";
				INFOPLIST_KEY_LSApplicationCategoryType = "public.app-category.productivity";
				LD_RUNPATH_SEARCH_PATHS = (
					"$(inherited)",
					"@executable_path/Frameworks",
				);
				MARKETING_VERSION = 1.1;
				OTHER_LDFLAGS = (
					"$(inherited)",
					"-ObjC",
					"-l\"c++\"",
					"-framework",
					"\"ios_compose_kit\"",
					"-lsqlite3",
				);
				PRODUCT_BUNDLE_IDENTIFIER = com.softartdev.notedelight;
				PRODUCT_NAME = "$(TARGET_NAME)";
				PROVISIONING_PROFILE_SPECIFIER = "";
				"PROVISIONING_PROFILE_SPECIFIER[sdk=iphoneos*]" = "NoteDelight: Development Profile";
				SWIFT_VERSION = 5.0;
				TARGETED_DEVICE_FAMILY = "1,2";
			};
			name = Debug;
		};
		7555FFA7242A565B00829871 /* Release */ = {
			isa = XCBuildConfiguration;
			baseConfigurationReference = 821448A93FD50C8CBCA983DF /* Pods-iosApp.release.xcconfig */;
			buildSettings = {
				ASSETCATALOG_COMPILER_APPICON_NAME = AppIcon;
				CODE_SIGN_IDENTITY = "Apple Development";
				"CODE_SIGN_IDENTITY[sdk=iphoneos*]" = "iPhone Distribution";
				CODE_SIGN_STYLE = Manual;
				CURRENT_PROJECT_VERSION = 6;
				DEVELOPMENT_ASSET_PATHS = "\"iosApp/Preview Content\"";
				DEVELOPMENT_TEAM = "";
				"DEVELOPMENT_TEAM[sdk=iphoneos*]" = H7L7R3VNZ4;
				ENABLE_PREVIEWS = YES;
				INFOPLIST_FILE = iosApp/Info.plist;
				INFOPLIST_KEY_CFBundleDisplayName = "Note Delight";
				INFOPLIST_KEY_LSApplicationCategoryType = "public.app-category.productivity";
				LD_RUNPATH_SEARCH_PATHS = (
					"$(inherited)",
					"@executable_path/Frameworks",
				);
				MARKETING_VERSION = 1.1;
				OTHER_LDFLAGS = (
					"$(inherited)",
					"-ObjC",
					"-l\"c++\"",
					"-framework",
					"\"ios_compose_kit\"",
					"-lsqlite3",
				);
				PRODUCT_BUNDLE_IDENTIFIER = com.softartdev.notedelight;
				PRODUCT_NAME = "$(TARGET_NAME)";
				PROVISIONING_PROFILE_SPECIFIER = "";
				"PROVISIONING_PROFILE_SPECIFIER[sdk=iphoneos*]" = "NoteDelight: Distribution Profile";
				SWIFT_VERSION = 5.0;
				TARGETED_DEVICE_FAMILY = "1,2";
			};
			name = Release;
		};
		75715405296AF3E300210F51 /* Debug */ = {
			isa = XCBuildConfiguration;
			buildSettings = {
				BUNDLE_LOADER = "$(TEST_HOST)";
				CLANG_CXX_LANGUAGE_STANDARD = "gnu++20";
				CODE_SIGN_STYLE = Automatic;
				CURRENT_PROJECT_VERSION = 6;
				DEBUG_INFORMATION_FORMAT = dwarf;
				DEVELOPMENT_TEAM = H7L7R3VNZ4;
				GENERATE_INFOPLIST_FILE = YES;
				IPHONEOS_DEPLOYMENT_TARGET = 14.1;
				MARKETING_VERSION = 1.0;
				PRODUCT_BUNDLE_IDENTIFIER = "com.softartdev.Note-Delight-Unit-Tests";
				PRODUCT_NAME = "$(TARGET_NAME)";
				SWIFT_EMIT_LOC_STRINGS = NO;
				SWIFT_VERSION = 5.0;
				TARGETED_DEVICE_FAMILY = "1,2";
				TEST_HOST = "$(BUILT_PRODUCTS_DIR)/iosApp.app/$(BUNDLE_EXECUTABLE_FOLDER_PATH)/iosApp";
			};
			name = Debug;
		};
		75715406296AF3E300210F51 /* Release */ = {
			isa = XCBuildConfiguration;
			buildSettings = {
				BUNDLE_LOADER = "$(TEST_HOST)";
				CLANG_CXX_LANGUAGE_STANDARD = "gnu++20";
				CODE_SIGN_STYLE = Automatic;
				CURRENT_PROJECT_VERSION = 6;
				DEVELOPMENT_TEAM = H7L7R3VNZ4;
				GENERATE_INFOPLIST_FILE = YES;
				IPHONEOS_DEPLOYMENT_TARGET = 14.1;
				MARKETING_VERSION = 1.0;
				PRODUCT_BUNDLE_IDENTIFIER = "com.softartdev.Note-Delight-Unit-Tests";
				PRODUCT_NAME = "$(TARGET_NAME)";
				SWIFT_EMIT_LOC_STRINGS = NO;
				SWIFT_VERSION = 5.0;
				TARGETED_DEVICE_FAMILY = "1,2";
				TEST_HOST = "$(BUILT_PRODUCTS_DIR)/iosApp.app/$(BUNDLE_EXECUTABLE_FOLDER_PATH)/iosApp";
			};
			name = Release;
		};
		757C9ECD293CE4F500F37CC5 /* Debug */ = {
			isa = XCBuildConfiguration;
			baseConfigurationReference = F5116946DFFC69C5EBECA587 /* Pods-oldApp.debug.xcconfig */;
			buildSettings = {
				ASSETCATALOG_COMPILER_APPICON_NAME = AppIcon;
				ASSETCATALOG_COMPILER_GLOBAL_ACCENT_COLOR_NAME = AccentColor;
				CLANG_CXX_LANGUAGE_STANDARD = "gnu++20";
				CODE_SIGN_STYLE = Automatic;
				CURRENT_PROJECT_VERSION = 6;
				DEBUG_INFORMATION_FORMAT = dwarf;
				DEVELOPMENT_ASSET_PATHS = "\"oldApp/Preview Content\"";
				DEVELOPMENT_TEAM = H7L7R3VNZ4;
				ENABLE_PREVIEWS = YES;
				GENERATE_INFOPLIST_FILE = YES;
				INFOPLIST_FILE = oldApp/Info.plist;
				INFOPLIST_KEY_UIApplicationSceneManifest_Generation = YES;
				INFOPLIST_KEY_UIApplicationSupportsIndirectInputEvents = YES;
				INFOPLIST_KEY_UILaunchScreen_Generation = YES;
				INFOPLIST_KEY_UISupportedInterfaceOrientations_iPad = "UIInterfaceOrientationPortrait UIInterfaceOrientationPortraitUpsideDown UIInterfaceOrientationLandscapeLeft UIInterfaceOrientationLandscapeRight";
				INFOPLIST_KEY_UISupportedInterfaceOrientations_iPhone = "UIInterfaceOrientationPortrait UIInterfaceOrientationLandscapeLeft UIInterfaceOrientationLandscapeRight";
				IPHONEOS_DEPLOYMENT_TARGET = 14.1;
				LD_RUNPATH_SEARCH_PATHS = (
					"$(inherited)",
					"@executable_path/Frameworks",
				);
				MARKETING_VERSION = 1.0;
				OTHER_LDFLAGS = (
					"$(inherited)",
					"-ObjC",
					"-l\"c++\"",
					"-framework",
					"\"shared\"",
					"-lsqlite3",
				);
				PRODUCT_BUNDLE_IDENTIFIER = com.softartdev.oldApp;
				PRODUCT_NAME = "$(TARGET_NAME)";
				SWIFT_EMIT_LOC_STRINGS = YES;
				SWIFT_VERSION = 5.0;
				TARGETED_DEVICE_FAMILY = "1,2";
			};
			name = Debug;
		};
		757C9ECE293CE4F500F37CC5 /* Release */ = {
			isa = XCBuildConfiguration;
			baseConfigurationReference = 8956BA8FE09DEDAF868DDC77 /* Pods-oldApp.release.xcconfig */;
			buildSettings = {
				ASSETCATALOG_COMPILER_APPICON_NAME = AppIcon;
				ASSETCATALOG_COMPILER_GLOBAL_ACCENT_COLOR_NAME = AccentColor;
				CLANG_CXX_LANGUAGE_STANDARD = "gnu++20";
				CODE_SIGN_STYLE = Automatic;
				CURRENT_PROJECT_VERSION = 6;
				DEVELOPMENT_ASSET_PATHS = "\"oldApp/Preview Content\"";
				DEVELOPMENT_TEAM = H7L7R3VNZ4;
				ENABLE_PREVIEWS = YES;
				GENERATE_INFOPLIST_FILE = YES;
				INFOPLIST_FILE = oldApp/Info.plist;
				INFOPLIST_KEY_UIApplicationSceneManifest_Generation = YES;
				INFOPLIST_KEY_UIApplicationSupportsIndirectInputEvents = YES;
				INFOPLIST_KEY_UILaunchScreen_Generation = YES;
				INFOPLIST_KEY_UISupportedInterfaceOrientations_iPad = "UIInterfaceOrientationPortrait UIInterfaceOrientationPortraitUpsideDown UIInterfaceOrientationLandscapeLeft UIInterfaceOrientationLandscapeRight";
				INFOPLIST_KEY_UISupportedInterfaceOrientations_iPhone = "UIInterfaceOrientationPortrait UIInterfaceOrientationLandscapeLeft UIInterfaceOrientationLandscapeRight";
				IPHONEOS_DEPLOYMENT_TARGET = 14.1;
				LD_RUNPATH_SEARCH_PATHS = (
					"$(inherited)",
					"@executable_path/Frameworks",
				);
				MARKETING_VERSION = 1.0;
				OTHER_LDFLAGS = (
					"$(inherited)",
					"-ObjC",
					"-l\"c++\"",
					"-framework",
					"\"shared\"",
					"-lsqlite3",
				);
				PRODUCT_BUNDLE_IDENTIFIER = com.softartdev.oldApp;
				PRODUCT_NAME = "$(TARGET_NAME)";
				SWIFT_EMIT_LOC_STRINGS = YES;
				SWIFT_VERSION = 5.0;
				TARGETED_DEVICE_FAMILY = "1,2";
			};
			name = Release;
		};
/* End XCBuildConfiguration section */

/* Begin XCConfigurationList section */
		7555FF76242A565900829871 /* Build configuration list for PBXProject "iosApp" */ = {
			isa = XCConfigurationList;
			buildConfigurations = (
				7555FFA3242A565B00829871 /* Debug */,
				7555FFA4242A565B00829871 /* Release */,
			);
			defaultConfigurationIsVisible = 0;
			defaultConfigurationName = Release;
		};
		7555FFA5242A565B00829871 /* Build configuration list for PBXNativeTarget "iosApp" */ = {
			isa = XCConfigurationList;
			buildConfigurations = (
				7555FFA6242A565B00829871 /* Debug */,
				7555FFA7242A565B00829871 /* Release */,
			);
			defaultConfigurationIsVisible = 0;
			defaultConfigurationName = Release;
		};
		75715407296AF3E300210F51 /* Build configuration list for PBXNativeTarget "Note Delight Unit-Tests" */ = {
			isa = XCConfigurationList;
			buildConfigurations = (
				75715405296AF3E300210F51 /* Debug */,
				75715406296AF3E300210F51 /* Release */,
			);
			defaultConfigurationIsVisible = 0;
			defaultConfigurationName = Release;
		};
		757C9ECF293CE4F500F37CC5 /* Build configuration list for PBXNativeTarget "oldApp" */ = {
			isa = XCConfigurationList;
			buildConfigurations = (
				757C9ECD293CE4F500F37CC5 /* Debug */,
				757C9ECE293CE4F500F37CC5 /* Release */,
			);
			defaultConfigurationIsVisible = 0;
			defaultConfigurationName = Release;
		};
/* End XCConfigurationList section */
	};
	rootObject = 7555FF73242A565900829871 /* Project object */;
}
