PODS:
  - iosComposePod (1.0):
    - SQLCipher (= 4.5.4)
  - shared (1.0):
    - SQLCipher (= 4.5.4)
  - SQLCipher (4.5.4):
    - SQLCipher/standard (= 4.5.4)
  - SQLCipher/common (4.5.4)
  - SQLCipher/standard (4.5.4):
    - SQLCipher/common

DEPENDENCIES:
  - iosComposePod (from `../ios-compose-kit`)
  - shared (from `../shared/`)

SPEC REPOS:
  trunk:
    - SQLCipher

EXTERNAL SOURCES:
  iosComposePod:
    :path: "../ios-compose-kit"
  shared:
    :path: "../shared/"

SPEC CHECKSUMS:
  iosComposePod: b70d469f7b5ee7518db3de99a90d8c08a0fef668
  shared: 3a779943045d9383423361c97018d4877454c01d
  SQLCipher: 905b145f65f349f26da9e60a19901ad24adcd381

PODFILE CHECKSUM: e032c127d1580b59bc0f1a6663a6fd8661e0d7d0

COCOAPODS: 1.12.1
