PODS:
  - iosComposePod (1.0):
    - SQLCipher (= 4.9.0)
  - SQLCipher (4.9.0):
    - SQLCipher/standard (= 4.9.0)
  - SQLCipher/common (4.9.0)
  - SQLCipher/standard (4.9.0):
    - SQLCipher/common

DEPENDENCIES:
  - iosComposePod (from `../ios-compose-kit`)

SPEC REPOS:
  trunk:
    - SQLCipher

EXTERNAL SOURCES:
  iosComposePod:
    :path: "../ios-compose-kit"

SPEC CHECKSUMS:
  iosComposePod: f9f41ae56556b98365b1ca14279b53759a4236a3
  SQLCipher: 31878d8ebd27e5c96db0b7cb695c96e9f8ad77da

PODFILE CHECKSUM: 0dc93a6f6109335ea8cd3f91d2c87cc8c99f04a3

COCOAPODS: 1.12.1
